<?xml version="1.0" encoding="utf-8"?>
<Project ToolsVersion="4.0" xmlns="http://schemas.microsoft.com/developer/msbuild/2003">
  <ItemGroup>
    <Filter Include="src">
      <UniqueIdentifier>{4FC737F1-C7A5-4376-A066-2A32D752A2FF}</UniqueIdentifier>
      <Extensions>cpp;c;cc;cxx;def;odl;idl;hpj;bat;asm;asmx</Extensions>
    </Filter>
    <Filter Include="resource">
      <UniqueIdentifier>{67DA6AB6-F800-4c08-8B7A-83BB121AAD01}</UniqueIdentifier>
      <Extensions>rc;ico;cur;bmp;dlg;rc2;rct;bin;rgs;gif;jpg;jpeg;jpe;resx;tiff;tif;png;wav;mfcribbon-ms</Extensions>
    </Filter>
    <Filter Include="include">
      <UniqueIdentifier>{93995380-89BD-4b04-88EB-625FBE52EBFB}</UniqueIdentifier>
      <Extensions>h;hh;hpp;hxx;hm;inl;inc;xsd</Extensions>
    </Filter>
    <Filter Include="include_common">
      <UniqueIdentifier>{b5a47847-5365-4068-9aa4-4973507aed88}</UniqueIdentifier>
    </Filter>
    <Filter Include="resource_win">
      <UniqueIdentifier>{b6fa95dc-23af-4f57-906c-8a14c58cc65e}</UniqueIdentifier>
    </Filter>
    <Filter Include="python">
      <UniqueIdentifier>{176c2fd5-e1b5-463d-ad1b-101dd9261796}</UniqueIdentifier>
    </Filter>
  </ItemGroup>
  <ItemGroup>
    <ClInclude Include="include\RetroVision.hpp">
      <Filter>include</Filter>
    </ClInclude>
    <ClInclude Include="include\RetroVisionEnum.hpp">
      <Filter>include</Filter>
    </ClInclude>
    <ClInclude Include="..\Common\ClassRestrictions.hpp">
      <Filter>include_common</Filter>
    </ClInclude>
    <ClInclude Include="..\Common\ColorTransform.hpp">
      <Filter>include_common</Filter>
    </ClInclude>
    <ClInclude Include="..\Common\ColorTransformMatrix.hpp">
      <Filter>include_common</Filter>
    </ClInclude>
    <ClInclude Include="..\Common\Common.hpp">
      <Filter>include_common</Filter>
    </ClInclude>
    <ClInclude Include="..\Common\CommonAdobeAE.hpp">
      <Filter>include_common</Filter>
    </ClInclude>
    <ClInclude Include="..\Common\CommonAuxPixFormat.hpp">
      <Filter>include_common</Filter>
    </ClInclude>
    <ClInclude Include="..\Common\CommonBitsOperations.hpp">
      <Filter>include_common</Filter>
    </ClInclude>
    <ClInclude Include="..\Common\CommonColorTemperature.hpp">
      <Filter>include_common</Filter>
    </ClInclude>
    <ClInclude Include="..\Common\CommonDebugUtils.hpp">
      <Filter>include_common</Filter>
    </ClInclude>
    <ClInclude Include="..\Common\CommonPixFormat.hpp">
      <Filter>include_common</Filter>
    </ClInclude>
    <ClInclude Include="..\Common\CommonPixFormatSFINAE.hpp">
      <Filter>include_common</Filter>
    </ClInclude>
    <ClInclude Include="..\Common\CommonSmartRender.hpp">
      <Filter>include_common</Filter>
    </ClInclude>
    <ClInclude Include="..\Common\CommonTypeTraits.hpp">
      <Filter>include_common</Filter>
    </ClInclude>
    <ClInclude Include="..\Common\CompileTimeUtils.hpp">
      <Filter>include_common</Filter>
    </ClInclude>
    <ClInclude Include="..\Common\FastAriphmetics.hpp">
      <Filter>include_common</Filter>
    </ClInclude>
    <ClInclude Include="..\Common\ImageLabCUDA.hpp">
      <Filter>include_common</Filter>
    </ClInclude>
    <ClInclude Include="..\Common\LibExport.hpp">
      <Filter>include_common</Filter>
    </ClInclude>
    <ClInclude Include="..\Common\Param_Utils.h">
      <Filter>include_common</Filter>
    </ClInclude>
    <ClInclude Include="resource_win\resource.h">
      <Filter>include</Filter>
    </ClInclude>
    <ClInclude Include="include\RetroVisionGui.hpp">
      <Filter>include</Filter>
    </ClInclude>
  </ItemGroup>
  <ItemGroup>
    <ClCompile Include="src\RetroVision.cpp">
      <Filter>src</Filter>
    </ClCompile>
    <ClCompile Include="src\RetroVisionAE.cpp">
      <Filter>src</Filter>
    </ClCompile>
    <ClCompile Include="src\RetroVisionPR.cpp">
      <Filter>src</Filter>
    </ClCompile>
    <ClCompile Include="src\RetroVisionSR.cpp">
      <Filter>src</Filter>
    </ClCompile>
    <ClCompile Include="src\RetroVisionBitmap.cpp">
      <Filter>src</Filter>
    </ClCompile>
    <ClCompile Include="src\RetroVisionGUI.cpp">
      <Filter>src</Filter>
    </ClCompile>
  </ItemGroup>
  <ItemGroup>
    <ResourceCompile Include="resource_win\RetroVisionResource.rc">
      <Filter>resource_win</Filter>
    </ResourceCompile>
    <ResourceCompile Include="RetroVision.rc">
      <Filter>resource</Filter>
    </ResourceCompile>
  </ItemGroup>
  <ItemGroup>
    <Image Include="resource_win\hercules.bmp">
      <Filter>resource_win</Filter>
    </Image>
    <Image Include="resource_win\cga1.bmp">
      <Filter>resource_win</Filter>
    </Image>
    <Image Include="resource_win\cga1i.bmp">
      <Filter>resource_win</Filter>
    </Image>
    <Image Include="resource_win\cga2.bmp">
      <Filter>resource_win</Filter>
    </Image>
    <Image Include="resource_win\cga2i.bmp">
      <Filter>resource_win</Filter>
    </Image>
    <Image Include="resource_win\ega_standard.bmp">
      <Filter>resource_win</Filter>
    </Image>
    <Image Include="resource_win\ega_kq3.bmp">
      <Filter>resource_win</Filter>
    </Image>
    <Image Include="resource_win\ega_kyrandia.bmp">
      <Filter>resource_win</Filter>
    </Image>
    <Image Include="resource_win\ega_thexder.bmp">
      <Filter>resource_win</Filter>
    </Image>
    <Image Include="resource_win\ega_dune.bmp">
      <Filter>resource_win</Filter>
    </Image>
    <Image Include="resource_win\ega_doom.bmp">
      <Filter>resource_win</Filter>
    </Image>
    <Image Include="resource_win\ega_metal.bmp">
      <Filter>resource_win</Filter>
    </Image>
    <Image Include="resource_win\ega_wolfenstein.bmp">
      <Filter>resource_win</Filter>
    </Image>
    <Image Include="resource_win\vga.bmp">
      <Filter>resource_win</Filter>
    </Image>
    <Image Include="resource_win\Atari.bmp">
      <Filter>resource_win</Filter>
    </Image>
  </ItemGroup>
  <ItemGroup>
    <CustomBuild Include="RetroVision.r">
      <Filter>resource</Filter>
    </CustomBuild>
  </ItemGroup>
  <ItemGroup>
    <None Include="python\logo.py">
      <Filter>python</Filter>
    </None>
    <None Include="python\logo1.py">
      <Filter>python</Filter>
    </None>
    <None Include="python\logo2.py">
      <Filter>python</Filter>
    </None>
    <None Include="python\logo3.py">
      <Filter>python</Filter>
    </None>
    <None Include="python\logo4.py">
      <Filter>python</Filter>
    </None>
    <None Include="python\logo5.py">
      <Filter>python</Filter>
    </None>
  </ItemGroup>
</Project>