
Microsoft Visual Studio Solution File, Format Version 12.00
# Visual Studio 14
VisualStudioVersion = 14.0.25420.1
MinimumVisualStudioVersion = 10.0.40219.1
Project("{8BC9CEB8-8B4A-11D0-8D11-00A0C91BC942}") = "ColorizeMe", "ColorizeMe\ColorizeMe.vcxproj", "{320247BB-6BB8-4D29-921E-954CC12F1C94}"
EndProject
Project("{2150E333-8FDC-42A3-9474-1A3956D46DE8}") = "ColorizeMe", "ColorizeMe", "{6A05CF26-3140-4F9B-B0B1-6BCC98B243E8}"
EndProject
Project("{8BC9CEB8-8B4A-11D0-8D11-00A0C91BC942}") = "Convolution", "Convolution\Convolution.vcxproj", "{49D61BCA-BA8A-4938-8713-4C3942B3DF25}"
EndProject
Project("{2150E333-8FDC-42A3-9474-1A3956D46DE8}") = "Convolution", "Convolution", "{C59F37D4-4C6C-48D7-B818-136EE116441E}"
EndProject
Project("{8BC9CEB8-8B4A-11D0-8D11-00A0C91BC942}") = "SepiaColor", "SepiaColor\SepiaColor.vcxproj", "{0815663E-8ACB-4FD4-AC24-8FEF5E70E4BE}"
	ProjectSection(ProjectDependencies) = postProject
		{A1118418-9F12-4661-8BF3-8E2DF484ED9E} = {A1118418-9F12-4661-8BF3-8E2DF484ED9E}
	EndProjectSection
EndProject
Project("{2150E333-8FDC-42A3-9474-1A3956D46DE8}") = "SepiaColor", "SepiaColor", "{D96FA20C-C88C-42B1-A747-996BB8E10950}"
EndProject
Project("{8BC9CEB8-8B4A-11D0-8D11-00A0C91BC942}") = "AutomaticWhiteBalance", "AutomaticWhiteBalance\AutomaticWhiteBalance.vcxproj", "{959C8E49-51FB-440C-B8B8-49AF813C0A1E}"
	ProjectSection(ProjectDependencies) = postProject
		{D266F837-A6FD-48CD-820D-578816B7AC3D} = {D266F837-A6FD-48CD-820D-578816B7AC3D}
	EndProjectSection
EndProject
Project("{2150E333-8FDC-42A3-9474-1A3956D46DE8}") = "AutomaticWhiteBalance", "AutomaticWhiteBalance", "{AEBFCB69-32B0-4EF6-AC59-119A9283707F}"
EndProject
Project("{8BC9CEB8-8B4A-11D0-8D11-00A0C91BC942}") = "CommonGPULib", "CommonGPULib\CommonGPULib.vcxproj", "{A1118418-9F12-4661-8BF3-8E2DF484ED9E}"
EndProject
Project("{2150E333-8FDC-42A3-9474-1A3956D46DE8}") = "CommonGPULib", "CommonGPULib", "{265D5E43-1AFD-456F-BFE1-15850C3EED76}"
EndProject
Project("{8BC9CEB8-8B4A-11D0-8D11-00A0C91BC942}") = "ColorCorrectionHSL", "ColorCorrectionHSL\ColorCorrectionHSL.vcxproj", "{E2B6A2F4-C9DB-4EFB-AC01-F179B54E90A2}"
	ProjectSection(ProjectDependencies) = postProject
		{A1118418-9F12-4661-8BF3-8E2DF484ED9E} = {A1118418-9F12-4661-8BF3-8E2DF484ED9E}
	EndProjectSection
EndProject
Project("{2150E333-8FDC-42A3-9474-1A3956D46DE8}") = "ColorCorrectionHSL", "ColorCorrectionHSL", "{BF6162D9-6904-4F47-8A4E-2C251FAF0A32}"
EndProject
Project("{8BC9CEB8-8B4A-11D0-8D11-00A0C91BC942}") = "ColorCorrectionCMYK", "ColorCorrectionCMYK\ColorCorrectionCMYK.vcxproj", "{61168E7B-832E-4C50-A01D-C878041F3161}"
	ProjectSection(ProjectDependencies) = postProject
		{A1118418-9F12-4661-8BF3-8E2DF484ED9E} = {A1118418-9F12-4661-8BF3-8E2DF484ED9E}
	EndProjectSection
EndProject
Project("{2150E333-8FDC-42A3-9474-1A3956D46DE8}") = "ColorCorrectionCMYK", "ColorCorrectionCMYK", "{62139A7D-4234-49B4-A559-A85CD7FFE831}"
EndProject
Project("{2150E333-8FDC-42A3-9474-1A3956D46DE8}") = "NoiseClean", "NoiseClean", "{242AEDAC-8FC0-4BE9-98BE-90855054A879}"
EndProject
Project("{8BC9CEB8-8B4A-11D0-8D11-00A0C91BC942}") = "MedianFilter", "MedianFilter\MedianFilter.vcxproj", "{2746D009-7346-48FD-9616-2B01CCDFC7C8}"
	ProjectSection(ProjectDependencies) = postProject
		{991576B7-BC5F-466E-A5FB-FA4AC6E541E5} = {991576B7-BC5F-466E-A5FB-FA4AC6E541E5}
	EndProjectSection
EndProject
Project("{2150E333-8FDC-42A3-9474-1A3956D46DE8}") = "MedianFilter", "MedianFilter", "{AD4DD1B9-89EA-46BB-B92C-4F7C76224765}"
EndProject
Project("{8BC9CEB8-8B4A-11D0-8D11-00A0C91BC942}") = "NoiseClean", "NoiseClean\NoiseClean.vcxproj", "{9989CCE1-526A-4290-A000-9C09357DE0D7}"
	ProjectSection(ProjectDependencies) = postProject
		{D266F837-A6FD-48CD-820D-578816B7AC3D} = {D266F837-A6FD-48CD-820D-578816B7AC3D}
	EndProjectSection
EndProject
Project("{8BC9CEB8-8B4A-11D0-8D11-00A0C91BC942}") = "ImageStylization", "ImageStylization\ImageStylization.vcxproj", "{C62ADF86-5293-4E96-B481-4E66CAD91993}"
	ProjectSection(ProjectDependencies) = postProject
		{D266F837-A6FD-48CD-820D-578816B7AC3D} = {D266F837-A6FD-48CD-820D-578816B7AC3D}
	EndProjectSection
EndProject
Project("{2150E333-8FDC-42A3-9474-1A3956D46DE8}") = "ImageStylization", "ImageStylization", "{2E676B5C-0931-4FA6-B9B7-4B3CA96275C7}"
EndProject
Project("{8BC9CEB8-8B4A-11D0-8D11-00A0C91BC942}") = "Avx2ProcLib", "Avx2ProcLib\Avx2ProcLib.vcxproj", "{991576B7-BC5F-466E-A5FB-FA4AC6E541E5}"
EndProject
Project("{2150E333-8FDC-42A3-9474-1A3956D46DE8}") = "Avx2ProcLib", "Avx2ProcLib", "{AFE249C8-918E-47F9-B070-878F9EFDC358}"
EndProject
Project("{8BC9CEB8-8B4A-11D0-8D11-00A0C91BC942}") = "ColorBandSelect", "ColorBandSelect\ColorBandSelect.vcxproj", "{1D600A67-AF45-4348-A0A9-6B4E64B7F8D1}"
EndProject
Project("{2150E333-8FDC-42A3-9474-1A3956D46DE8}") = "ColorBandSelect", "ColorBandSelect", "{3D760503-F2C5-4418-9C91-679C4187065B}"
EndProject
Project("{8BC9CEB8-8B4A-11D0-8D11-00A0C91BC942}") = "Morphology", "Morphology\Morphology.vcxproj", "{2F0EBC2E-7D2A-454C-9B05-DD5DAB3AF21D}"
EndProject
Project("{2150E333-8FDC-42A3-9474-1A3956D46DE8}") = "Morphology", "Morphology", "{DCF46BF7-E3B6-4407-910B-237E62ED3561}"
EndProject
Project("{8BC9CEB8-8B4A-11D0-8D11-00A0C91BC942}") = "LensDistortion", "LensDistortion\LensDistortion.vcxproj", "{C39A6B42-2A39-42A1-B007-A64D4540FD17}"
EndProject
Project("{2150E333-8FDC-42A3-9474-1A3956D46DE8}") = "LensDistortion", "LensDistortion", "{E0C49130-1A3A-45FB-81C9-D47487B94D3C}"
EndProject
Project("{2150E333-8FDC-42A3-9474-1A3956D46DE8}") = "Prisma", "Prisma", "{3F56F97C-0811-4905-9951-2CFA8EF0F028}"
EndProject
Project("{8BC9CEB8-8B4A-11D0-8D11-00A0C91BC942}") = "ImageLabUtils", "ImageLabUtils\ImageLabUtils.vcxproj", "{D266F837-A6FD-48CD-820D-578816B7AC3D}"
EndProject
Project("{2150E333-8FDC-42A3-9474-1A3956D46DE8}") = "ImageLabUtils", "ImageLabUtils", "{17EEBBC8-0AA6-40CD-9CA5-318B662411E0}"
EndProject
Project("{8BC9CEB8-8B4A-11D0-8D11-00A0C91BC942}") = "ImageLabUtilsTest", "ImageLabUtilsTest\ImageLabUtilsTest.vcxproj", "{A4DCE7E6-A23D-4933-827C-E611F8C25766}"
	ProjectSection(ProjectDependencies) = postProject
		{D266F837-A6FD-48CD-820D-578816B7AC3D} = {D266F837-A6FD-48CD-820D-578816B7AC3D}
	EndProjectSection
EndProject
Project("{8BC9CEB8-8B4A-11D0-8D11-00A0C91BC942}") = "ImageEqualization", "ImageEqualization\ImageEqualization.vcxproj", "{D4D4D150-68CA-4C49-BF57-62EFAEC4E8EE}"
	ProjectSection(ProjectDependencies) = postProject
		{D266F837-A6FD-48CD-820D-578816B7AC3D} = {D266F837-A6FD-48CD-820D-578816B7AC3D}
		{991576B7-BC5F-466E-A5FB-FA4AC6E541E5} = {991576B7-BC5F-466E-A5FB-FA4AC6E541E5}
	EndProjectSection
EndProject
Project("{2150E333-8FDC-42A3-9474-1A3956D46DE8}") = "ImageEqualization", "ImageEqualization", "{014B0CC8-E272-4269-9B8F-7DA0BE942665}"
EndProject
Project("{8BC9CEB8-8B4A-11D0-8D11-00A0C91BC942}") = "ImageFlipping", "ImageFlipping\ImageFlipping.vcxproj", "{F183A775-644D-47FB-A494-FF1DC6B3E431}"
EndProject
Project("{2150E333-8FDC-42A3-9474-1A3956D46DE8}") = "ImageFlipping", "ImageFlipping", "{E9BCFCD7-83DF-4A55-B590-ABADC692D78D}"
EndProject
Project("{8BC9CEB8-8B4A-11D0-8D11-00A0C91BC942}") = "AverageFilter", "AverageFilter\AverageFilter.vcxproj", "{571938A4-5662-42AA-B8F0-76DB9C6F94EB}"
EndProject
Project("{2150E333-8FDC-42A3-9474-1A3956D46DE8}") = "AverageFilter", "AverageFilter", "{028148B8-8404-404D-94FD-4821D0468DF5}"
EndProject
Project("{8BC9CEB8-8B4A-11D0-8D11-00A0C91BC942}") = "ImageGeometry", "ImageGeometry\ImageGeometry.vcxproj", "{2AB2EF4F-3998-4262-BE4B-91A6196F7460}"
EndProject
Project("{2150E333-8FDC-42A3-9474-1A3956D46DE8}") = "ImageGeometry", "ImageGeometry", "{E7950B71-2C79-45FE-8BB6-2AD3DE09B548}"
EndProject
Project("{8BC9CEB8-8B4A-11D0-8D11-00A0C91BC942}") = "ChromaticAberration", "ChromaticAberration\ChromaticAberration.vcxproj", "{CE463D43-9CB8-4C9A-AAF6-F5D2F1315FF1}"
EndProject
Project("{2150E333-8FDC-42A3-9474-1A3956D46DE8}") = "ChromaticAberration", "ChromaticAberration", "{D6345B2A-5574-4BD9-BFE6-22BE1D54F97E}"
EndProject
Project("{2150E333-8FDC-42A3-9474-1A3956D46DE8}") = "BlackAndWhite", "BlackAndWhite", "{6AAB9230-ACA6-4CB1-91C6-474D1D6314BE}"
EndProject
Project("{8BC9CEB8-8B4A-11D0-8D11-00A0C91BC942}") = "ColorCorrectionCieLAB", "ColorCorrectionCieLAB\ColorCorrectionCieLAB.vcxproj", "{D8AF8698-BF57-445F-A9CB-09635CA75982}"
EndProject
Project("{2150E333-8FDC-42A3-9474-1A3956D46DE8}") = "ColorCorrectionCieLAB", "ColorCorrectionCieLAB", "{C7AC98E3-E10A-41FF-9962-5F9367DC8347}"
EndProject
Global
	GlobalSection(SolutionConfigurationPlatforms) = preSolution
		Debug|x64 = Debug|x64
		Debug|x86 = Debug|x86
		Release|x64 = Release|x64
		Release|x86 = Release|x86
	EndGlobalSection
	GlobalSection(ProjectConfigurationPlatforms) = postSolution
		{320247BB-6BB8-4D29-921E-954CC12F1C94}.Debug|x64.ActiveCfg = Debug|x64
		{320247BB-6BB8-4D29-921E-954CC12F1C94}.Debug|x64.Build.0 = Debug|x64
		{320247BB-6BB8-4D29-921E-954CC12F1C94}.Debug|x86.ActiveCfg = Debug|Win32
		{320247BB-6BB8-4D29-921E-954CC12F1C94}.Debug|x86.Build.0 = Debug|Win32
		{320247BB-6BB8-4D29-921E-954CC12F1C94}.Release|x64.ActiveCfg = Release|x64
		{320247BB-6BB8-4D29-921E-954CC12F1C94}.Release|x64.Build.0 = Release|x64
		{320247BB-6BB8-4D29-921E-954CC12F1C94}.Release|x86.ActiveCfg = Release|Win32
		{320247BB-6BB8-4D29-921E-954CC12F1C94}.Release|x86.Build.0 = Release|Win32
		{49D61BCA-BA8A-4938-8713-4C3942B3DF25}.Debug|x64.ActiveCfg = Debug|x64
		{49D61BCA-BA8A-4938-8713-4C3942B3DF25}.Debug|x64.Build.0 = Debug|x64
		{49D61BCA-BA8A-4938-8713-4C3942B3DF25}.Debug|x86.ActiveCfg = Debug|Win32
		{49D61BCA-BA8A-4938-8713-4C3942B3DF25}.Debug|x86.Build.0 = Debug|Win32
		{49D61BCA-BA8A-4938-8713-4C3942B3DF25}.Release|x64.ActiveCfg = Release|x64
		{49D61BCA-BA8A-4938-8713-4C3942B3DF25}.Release|x64.Build.0 = Release|x64
		{49D61BCA-BA8A-4938-8713-4C3942B3DF25}.Release|x86.ActiveCfg = Release|Win32
		{49D61BCA-BA8A-4938-8713-4C3942B3DF25}.Release|x86.Build.0 = Release|Win32
		{0815663E-8ACB-4FD4-AC24-8FEF5E70E4BE}.Debug|x64.ActiveCfg = Debug|x64
		{0815663E-8ACB-4FD4-AC24-8FEF5E70E4BE}.Debug|x64.Build.0 = Debug|x64
		{0815663E-8ACB-4FD4-AC24-8FEF5E70E4BE}.Debug|x86.ActiveCfg = Debug|Win32
		{0815663E-8ACB-4FD4-AC24-8FEF5E70E4BE}.Debug|x86.Build.0 = Debug|Win32
		{0815663E-8ACB-4FD4-AC24-8FEF5E70E4BE}.Release|x64.ActiveCfg = Release|x64
		{0815663E-8ACB-4FD4-AC24-8FEF5E70E4BE}.Release|x64.Build.0 = Release|x64
		{0815663E-8ACB-4FD4-AC24-8FEF5E70E4BE}.Release|x86.ActiveCfg = Release|Win32
		{0815663E-8ACB-4FD4-AC24-8FEF5E70E4BE}.Release|x86.Build.0 = Release|Win32
		{959C8E49-51FB-440C-B8B8-49AF813C0A1E}.Debug|x64.ActiveCfg = Debug|x64
		{959C8E49-51FB-440C-B8B8-49AF813C0A1E}.Debug|x64.Build.0 = Debug|x64
		{959C8E49-51FB-440C-B8B8-49AF813C0A1E}.Debug|x86.ActiveCfg = Debug|Win32
		{959C8E49-51FB-440C-B8B8-49AF813C0A1E}.Debug|x86.Build.0 = Debug|Win32
		{959C8E49-51FB-440C-B8B8-49AF813C0A1E}.Release|x64.ActiveCfg = Release|x64
		{959C8E49-51FB-440C-B8B8-49AF813C0A1E}.Release|x64.Build.0 = Release|x64
		{959C8E49-51FB-440C-B8B8-49AF813C0A1E}.Release|x86.ActiveCfg = Release|Win32
		{959C8E49-51FB-440C-B8B8-49AF813C0A1E}.Release|x86.Build.0 = Release|Win32
		{A1118418-9F12-4661-8BF3-8E2DF484ED9E}.Debug|x64.ActiveCfg = Debug|x64
		{A1118418-9F12-4661-8BF3-8E2DF484ED9E}.Debug|x64.Build.0 = Debug|x64
		{A1118418-9F12-4661-8BF3-8E2DF484ED9E}.Debug|x86.ActiveCfg = Debug|Win32
		{A1118418-9F12-4661-8BF3-8E2DF484ED9E}.Debug|x86.Build.0 = Debug|Win32
		{A1118418-9F12-4661-8BF3-8E2DF484ED9E}.Release|x64.ActiveCfg = Release|x64
		{A1118418-9F12-4661-8BF3-8E2DF484ED9E}.Release|x64.Build.0 = Release|x64
		{A1118418-9F12-4661-8BF3-8E2DF484ED9E}.Release|x86.ActiveCfg = Release|Win32
		{A1118418-9F12-4661-8BF3-8E2DF484ED9E}.Release|x86.Build.0 = Release|Win32
		{E2B6A2F4-C9DB-4EFB-AC01-F179B54E90A2}.Debug|x64.ActiveCfg = Debug|x64
		{E2B6A2F4-C9DB-4EFB-AC01-F179B54E90A2}.Debug|x64.Build.0 = Debug|x64
		{E2B6A2F4-C9DB-4EFB-AC01-F179B54E90A2}.Debug|x86.ActiveCfg = Debug|Win32
		{E2B6A2F4-C9DB-4EFB-AC01-F179B54E90A2}.Debug|x86.Build.0 = Debug|Win32
		{E2B6A2F4-C9DB-4EFB-AC01-F179B54E90A2}.Release|x64.ActiveCfg = Release|x64
		{E2B6A2F4-C9DB-4EFB-AC01-F179B54E90A2}.Release|x64.Build.0 = Release|x64
		{E2B6A2F4-C9DB-4EFB-AC01-F179B54E90A2}.Release|x86.ActiveCfg = Release|Win32
		{E2B6A2F4-C9DB-4EFB-AC01-F179B54E90A2}.Release|x86.Build.0 = Release|Win32
		{61168E7B-832E-4C50-A01D-C878041F3161}.Debug|x64.ActiveCfg = Debug|x64
		{61168E7B-832E-4C50-A01D-C878041F3161}.Debug|x64.Build.0 = Debug|x64
		{61168E7B-832E-4C50-A01D-C878041F3161}.Debug|x86.ActiveCfg = Debug|Win32
		{61168E7B-832E-4C50-A01D-C878041F3161}.Debug|x86.Build.0 = Debug|Win32
		{61168E7B-832E-4C50-A01D-C878041F3161}.Release|x64.ActiveCfg = Release|x64
		{61168E7B-832E-4C50-A01D-C878041F3161}.Release|x64.Build.0 = Release|x64
		{61168E7B-832E-4C50-A01D-C878041F3161}.Release|x86.ActiveCfg = Release|Win32
		{61168E7B-832E-4C50-A01D-C878041F3161}.Release|x86.Build.0 = Release|Win32
		{2746D009-7346-48FD-9616-2B01CCDFC7C8}.Debug|x64.ActiveCfg = Debug|x64
		{2746D009-7346-48FD-9616-2B01CCDFC7C8}.Debug|x64.Build.0 = Debug|x64
		{2746D009-7346-48FD-9616-2B01CCDFC7C8}.Debug|x86.ActiveCfg = Debug|Win32
		{2746D009-7346-48FD-9616-2B01CCDFC7C8}.Debug|x86.Build.0 = Debug|Win32
		{2746D009-7346-48FD-9616-2B01CCDFC7C8}.Release|x64.ActiveCfg = Release|x64
		{2746D009-7346-48FD-9616-2B01CCDFC7C8}.Release|x64.Build.0 = Release|x64
		{2746D009-7346-48FD-9616-2B01CCDFC7C8}.Release|x86.ActiveCfg = Release|Win32
		{2746D009-7346-48FD-9616-2B01CCDFC7C8}.Release|x86.Build.0 = Release|Win32
		{9989CCE1-526A-4290-A000-9C09357DE0D7}.Debug|x64.ActiveCfg = Debug|x64
		{9989CCE1-526A-4290-A000-9C09357DE0D7}.Debug|x64.Build.0 = Debug|x64
		{9989CCE1-526A-4290-A000-9C09357DE0D7}.Debug|x86.ActiveCfg = Debug|Win32
		{9989CCE1-526A-4290-A000-9C09357DE0D7}.Debug|x86.Build.0 = Debug|Win32
		{9989CCE1-526A-4290-A000-9C09357DE0D7}.Release|x64.ActiveCfg = Release|x64
		{9989CCE1-526A-4290-A000-9C09357DE0D7}.Release|x64.Build.0 = Release|x64
		{9989CCE1-526A-4290-A000-9C09357DE0D7}.Release|x86.ActiveCfg = Release|Win32
		{9989CCE1-526A-4290-A000-9C09357DE0D7}.Release|x86.Build.0 = Release|Win32
		{C62ADF86-5293-4E96-B481-4E66CAD91993}.Debug|x64.ActiveCfg = Debug|x64
		{C62ADF86-5293-4E96-B481-4E66CAD91993}.Debug|x64.Build.0 = Debug|x64
		{C62ADF86-5293-4E96-B481-4E66CAD91993}.Debug|x86.ActiveCfg = Debug|Win32
		{C62ADF86-5293-4E96-B481-4E66CAD91993}.Debug|x86.Build.0 = Debug|Win32
		{C62ADF86-5293-4E96-B481-4E66CAD91993}.Release|x64.ActiveCfg = Release|x64
		{C62ADF86-5293-4E96-B481-4E66CAD91993}.Release|x64.Build.0 = Release|x64
		{C62ADF86-5293-4E96-B481-4E66CAD91993}.Release|x86.ActiveCfg = Release|Win32
		{C62ADF86-5293-4E96-B481-4E66CAD91993}.Release|x86.Build.0 = Release|Win32
		{991576B7-BC5F-466E-A5FB-FA4AC6E541E5}.Debug|x64.ActiveCfg = Debug|x64
		{991576B7-BC5F-466E-A5FB-FA4AC6E541E5}.Debug|x64.Build.0 = Debug|x64
		{991576B7-BC5F-466E-A5FB-FA4AC6E541E5}.Debug|x86.ActiveCfg = Debug|Win32
		{991576B7-BC5F-466E-A5FB-FA4AC6E541E5}.Debug|x86.Build.0 = Debug|Win32
		{991576B7-BC5F-466E-A5FB-FA4AC6E541E5}.Release|x64.ActiveCfg = Release|x64
		{991576B7-BC5F-466E-A5FB-FA4AC6E541E5}.Release|x64.Build.0 = Release|x64
		{991576B7-BC5F-466E-A5FB-FA4AC6E541E5}.Release|x86.ActiveCfg = Release|Win32
		{991576B7-BC5F-466E-A5FB-FA4AC6E541E5}.Release|x86.Build.0 = Release|Win32
		{1D600A67-AF45-4348-A0A9-6B4E64B7F8D1}.Debug|x64.ActiveCfg = Debug|x64
		{1D600A67-AF45-4348-A0A9-6B4E64B7F8D1}.Debug|x64.Build.0 = Debug|x64
		{1D600A67-AF45-4348-A0A9-6B4E64B7F8D1}.Debug|x86.ActiveCfg = Debug|Win32
		{1D600A67-AF45-4348-A0A9-6B4E64B7F8D1}.Debug|x86.Build.0 = Debug|Win32
		{1D600A67-AF45-4348-A0A9-6B4E64B7F8D1}.Release|x64.ActiveCfg = Release|x64
		{1D600A67-AF45-4348-A0A9-6B4E64B7F8D1}.Release|x64.Build.0 = Release|x64
		{1D600A67-AF45-4348-A0A9-6B4E64B7F8D1}.Release|x86.ActiveCfg = Release|Win32
		{1D600A67-AF45-4348-A0A9-6B4E64B7F8D1}.Release|x86.Build.0 = Release|Win32
		{2F0EBC2E-7D2A-454C-9B05-DD5DAB3AF21D}.Debug|x64.ActiveCfg = Debug|x64
		{2F0EBC2E-7D2A-454C-9B05-DD5DAB3AF21D}.Debug|x64.Build.0 = Debug|x64
		{2F0EBC2E-7D2A-454C-9B05-DD5DAB3AF21D}.Debug|x86.ActiveCfg = Debug|Win32
		{2F0EBC2E-7D2A-454C-9B05-DD5DAB3AF21D}.Debug|x86.Build.0 = Debug|Win32
		{2F0EBC2E-7D2A-454C-9B05-DD5DAB3AF21D}.Release|x64.ActiveCfg = Release|x64
		{2F0EBC2E-7D2A-454C-9B05-DD5DAB3AF21D}.Release|x64.Build.0 = Release|x64
		{2F0EBC2E-7D2A-454C-9B05-DD5DAB3AF21D}.Release|x86.ActiveCfg = Release|Win32
		{2F0EBC2E-7D2A-454C-9B05-DD5DAB3AF21D}.Release|x86.Build.0 = Release|Win32
		{C39A6B42-2A39-42A1-B007-A64D4540FD17}.Debug|x64.ActiveCfg = Debug|x64
		{C39A6B42-2A39-42A1-B007-A64D4540FD17}.Debug|x64.Build.0 = Debug|x64
		{C39A6B42-2A39-42A1-B007-A64D4540FD17}.Debug|x86.ActiveCfg = Debug|Win32
		{C39A6B42-2A39-42A1-B007-A64D4540FD17}.Debug|x86.Build.0 = Debug|Win32
		{C39A6B42-2A39-42A1-B007-A64D4540FD17}.Release|x64.ActiveCfg = Release|x64
		{C39A6B42-2A39-42A1-B007-A64D4540FD17}.Release|x64.Build.0 = Release|x64
		{C39A6B42-2A39-42A1-B007-A64D4540FD17}.Release|x86.ActiveCfg = Release|Win32
		{C39A6B42-2A39-42A1-B007-A64D4540FD17}.Release|x86.Build.0 = Release|Win32
		{D266F837-A6FD-48CD-820D-578816B7AC3D}.Debug|x64.ActiveCfg = Debug|x64
		{D266F837-A6FD-48CD-820D-578816B7AC3D}.Debug|x64.Build.0 = Debug|x64
		{D266F837-A6FD-48CD-820D-578816B7AC3D}.Debug|x86.ActiveCfg = Debug|Win32
		{D266F837-A6FD-48CD-820D-578816B7AC3D}.Debug|x86.Build.0 = Debug|Win32
		{D266F837-A6FD-48CD-820D-578816B7AC3D}.Release|x64.ActiveCfg = Release|x64
		{D266F837-A6FD-48CD-820D-578816B7AC3D}.Release|x64.Build.0 = Release|x64
		{D266F837-A6FD-48CD-820D-578816B7AC3D}.Release|x86.ActiveCfg = Release|Win32
		{D266F837-A6FD-48CD-820D-578816B7AC3D}.Release|x86.Build.0 = Release|Win32
		{A4DCE7E6-A23D-4933-827C-E611F8C25766}.Debug|x64.ActiveCfg = Debug|x64
		{A4DCE7E6-A23D-4933-827C-E611F8C25766}.Debug|x64.Build.0 = Debug|x64
		{A4DCE7E6-A23D-4933-827C-E611F8C25766}.Debug|x86.ActiveCfg = Debug|Win32
		{A4DCE7E6-A23D-4933-827C-E611F8C25766}.Debug|x86.Build.0 = Debug|Win32
		{A4DCE7E6-A23D-4933-827C-E611F8C25766}.Release|x64.ActiveCfg = Release|x64
		{A4DCE7E6-A23D-4933-827C-E611F8C25766}.Release|x64.Build.0 = Release|x64
		{A4DCE7E6-A23D-4933-827C-E611F8C25766}.Release|x86.ActiveCfg = Release|Win32
		{A4DCE7E6-A23D-4933-827C-E611F8C25766}.Release|x86.Build.0 = Release|Win32
		{D4D4D150-68CA-4C49-BF57-62EFAEC4E8EE}.Debug|x64.ActiveCfg = Debug|x64
		{D4D4D150-68CA-4C49-BF57-62EFAEC4E8EE}.Debug|x64.Build.0 = Debug|x64
		{D4D4D150-68CA-4C49-BF57-62EFAEC4E8EE}.Debug|x86.ActiveCfg = Debug|Win32
		{D4D4D150-68CA-4C49-BF57-62EFAEC4E8EE}.Debug|x86.Build.0 = Debug|Win32
		{D4D4D150-68CA-4C49-BF57-62EFAEC4E8EE}.Release|x64.ActiveCfg = Release|x64
		{D4D4D150-68CA-4C49-BF57-62EFAEC4E8EE}.Release|x64.Build.0 = Release|x64
		{D4D4D150-68CA-4C49-BF57-62EFAEC4E8EE}.Release|x86.ActiveCfg = Release|Win32
		{D4D4D150-68CA-4C49-BF57-62EFAEC4E8EE}.Release|x86.Build.0 = Release|Win32
		{F183A775-644D-47FB-A494-FF1DC6B3E431}.Debug|x64.ActiveCfg = Debug|x64
		{F183A775-644D-47FB-A494-FF1DC6B3E431}.Debug|x64.Build.0 = Debug|x64
		{F183A775-644D-47FB-A494-FF1DC6B3E431}.Debug|x86.ActiveCfg = Debug|Win32
		{F183A775-644D-47FB-A494-FF1DC6B3E431}.Debug|x86.Build.0 = Debug|Win32
		{F183A775-644D-47FB-A494-FF1DC6B3E431}.Release|x64.ActiveCfg = Release|x64
		{F183A775-644D-47FB-A494-FF1DC6B3E431}.Release|x64.Build.0 = Release|x64
		{F183A775-644D-47FB-A494-FF1DC6B3E431}.Release|x86.ActiveCfg = Release|Win32
		{F183A775-644D-47FB-A494-FF1DC6B3E431}.Release|x86.Build.0 = Release|Win32
		{571938A4-5662-42AA-B8F0-76DB9C6F94EB}.Debug|x64.ActiveCfg = Debug|x64
		{571938A4-5662-42AA-B8F0-76DB9C6F94EB}.Debug|x64.Build.0 = Debug|x64
		{571938A4-5662-42AA-B8F0-76DB9C6F94EB}.Debug|x86.ActiveCfg = Debug|Win32
		{571938A4-5662-42AA-B8F0-76DB9C6F94EB}.Debug|x86.Build.0 = Debug|Win32
		{571938A4-5662-42AA-B8F0-76DB9C6F94EB}.Release|x64.ActiveCfg = Release|x64
		{571938A4-5662-42AA-B8F0-76DB9C6F94EB}.Release|x64.Build.0 = Release|x64
		{571938A4-5662-42AA-B8F0-76DB9C6F94EB}.Release|x86.ActiveCfg = Release|Win32
		{571938A4-5662-42AA-B8F0-76DB9C6F94EB}.Release|x86.Build.0 = Release|Win32
		{2AB2EF4F-3998-4262-BE4B-91A6196F7460}.Debug|x64.ActiveCfg = Debug|x64
		{2AB2EF4F-3998-4262-BE4B-91A6196F7460}.Debug|x64.Build.0 = Debug|x64
		{2AB2EF4F-3998-4262-BE4B-91A6196F7460}.Debug|x86.ActiveCfg = Debug|Win32
		{2AB2EF4F-3998-4262-BE4B-91A6196F7460}.Debug|x86.Build.0 = Debug|Win32
		{2AB2EF4F-3998-4262-BE4B-91A6196F7460}.Release|x64.ActiveCfg = Release|x64
		{2AB2EF4F-3998-4262-BE4B-91A6196F7460}.Release|x64.Build.0 = Release|x64
		{2AB2EF4F-3998-4262-BE4B-91A6196F7460}.Release|x86.ActiveCfg = Release|Win32
		{2AB2EF4F-3998-4262-BE4B-91A6196F7460}.Release|x86.Build.0 = Release|Win32
		{CE463D43-9CB8-4C9A-AAF6-F5D2F1315FF1}.Debug|x64.ActiveCfg = Debug|x64
		{CE463D43-9CB8-4C9A-AAF6-F5D2F1315FF1}.Debug|x64.Build.0 = Debug|x64
		{CE463D43-9CB8-4C9A-AAF6-F5D2F1315FF1}.Debug|x86.ActiveCfg = Debug|Win32
		{CE463D43-9CB8-4C9A-AAF6-F5D2F1315FF1}.Debug|x86.Build.0 = Debug|Win32
		{CE463D43-9CB8-4C9A-AAF6-F5D2F1315FF1}.Release|x64.ActiveCfg = Release|x64
		{CE463D43-9CB8-4C9A-AAF6-F5D2F1315FF1}.Release|x64.Build.0 = Release|x64
		{CE463D43-9CB8-4C9A-AAF6-F5D2F1315FF1}.Release|x86.ActiveCfg = Release|Win32
		{CE463D43-9CB8-4C9A-AAF6-F5D2F1315FF1}.Release|x86.Build.0 = Release|Win32
		{D8AF8698-BF57-445F-A9CB-09635CA75982}.Debug|x64.ActiveCfg = Debug|x64
		{D8AF8698-BF57-445F-A9CB-09635CA75982}.Debug|x64.Build.0 = Debug|x64
		{D8AF8698-BF57-445F-A9CB-09635CA75982}.Debug|x86.ActiveCfg = Debug|Win32
		{D8AF8698-BF57-445F-A9CB-09635CA75982}.Debug|x86.Build.0 = Debug|Win32
		{D8AF8698-BF57-445F-A9CB-09635CA75982}.Release|x64.ActiveCfg = Release|x64
		{D8AF8698-BF57-445F-A9CB-09635CA75982}.Release|x64.Build.0 = Release|x64
		{D8AF8698-BF57-445F-A9CB-09635CA75982}.Release|x86.ActiveCfg = Release|Win32
		{D8AF8698-BF57-445F-A9CB-09635CA75982}.Release|x86.Build.0 = Release|Win32
	EndGlobalSection
	GlobalSection(SolutionProperties) = preSolution
		HideSolutionNode = FALSE
	EndGlobalSection
	GlobalSection(NestedProjects) = preSolution
		{320247BB-6BB8-4D29-921E-954CC12F1C94} = {6A05CF26-3140-4F9B-B0B1-6BCC98B243E8}
		{49D61BCA-BA8A-4938-8713-4C3942B3DF25} = {C59F37D4-4C6C-48D7-B818-136EE116441E}
		{0815663E-8ACB-4FD4-AC24-8FEF5E70E4BE} = {D96FA20C-C88C-42B1-A747-996BB8E10950}
		{959C8E49-51FB-440C-B8B8-49AF813C0A1E} = {AEBFCB69-32B0-4EF6-AC59-119A9283707F}
		{A1118418-9F12-4661-8BF3-8E2DF484ED9E} = {265D5E43-1AFD-456F-BFE1-15850C3EED76}
		{E2B6A2F4-C9DB-4EFB-AC01-F179B54E90A2} = {BF6162D9-6904-4F47-8A4E-2C251FAF0A32}
		{61168E7B-832E-4C50-A01D-C878041F3161} = {62139A7D-4234-49B4-A559-A85CD7FFE831}
		{2746D009-7346-48FD-9616-2B01CCDFC7C8} = {AD4DD1B9-89EA-46BB-B92C-4F7C76224765}
		{9989CCE1-526A-4290-A000-9C09357DE0D7} = {242AEDAC-8FC0-4BE9-98BE-90855054A879}
		{C62ADF86-5293-4E96-B481-4E66CAD91993} = {2E676B5C-0931-4FA6-B9B7-4B3CA96275C7}
		{991576B7-BC5F-466E-A5FB-FA4AC6E541E5} = {AFE249C8-918E-47F9-B070-878F9EFDC358}
		{1D600A67-AF45-4348-A0A9-6B4E64B7F8D1} = {3D760503-F2C5-4418-9C91-679C4187065B}
		{2F0EBC2E-7D2A-454C-9B05-DD5DAB3AF21D} = {DCF46BF7-E3B6-4407-910B-237E62ED3561}
		{C39A6B42-2A39-42A1-B007-A64D4540FD17} = {E0C49130-1A3A-45FB-81C9-D47487B94D3C}
		{D266F837-A6FD-48CD-820D-578816B7AC3D} = {17EEBBC8-0AA6-40CD-9CA5-318B662411E0}
		{A4DCE7E6-A23D-4933-827C-E611F8C25766} = {17EEBBC8-0AA6-40CD-9CA5-318B662411E0}
		{D4D4D150-68CA-4C49-BF57-62EFAEC4E8EE} = {014B0CC8-E272-4269-9B8F-7DA0BE942665}
		{F183A775-644D-47FB-A494-FF1DC6B3E431} = {E9BCFCD7-83DF-4A55-B590-ABADC692D78D}
		{571938A4-5662-42AA-B8F0-76DB9C6F94EB} = {028148B8-8404-404D-94FD-4821D0468DF5}
		{2AB2EF4F-3998-4262-BE4B-91A6196F7460} = {E7950B71-2C79-45FE-8BB6-2AD3DE09B548}
		{CE463D43-9CB8-4C9A-AAF6-F5D2F1315FF1} = {D6345B2A-5574-4BD9-BFE6-22BE1D54F97E}
		{D8AF8698-BF57-445F-A9CB-09635CA75982} = {C7AC98E3-E10A-41FF-9962-5F9367DC8347}
	EndGlobalSection
EndGlobal
