
Microsoft Visual Studio Solution File, Format Version 12.00
# Visual Studio 14
VisualStudioVersion = 14.0.25420.1
MinimumVisualStudioVersion = 10.0.40219.1
Project("{8BC9CEB8-8B4A-11D0-8D11-00A0C91BC942}") = "ColorizeMe", "ColorizeMe\ColorizeMe.vcxproj", "{320247BB-6BB8-4D29-921E-954CC12F1C94}"
EndProject
Project("{2150E333-8FDC-42A3-9474-1A3956D46DE8}") = "ColorizeMe", "ColorizeMe", "{6A05CF26-3140-4F9B-B0B1-6BCC98B243E8}"
EndProject
Project("{8BC9CEB8-8B4A-11D0-8D11-00A0C91BC942}") = "Convolution", "Convolution\Convolution.vcxproj", "{49D61BCA-BA8A-4938-8713-4C3942B3DF25}"
EndProject
Project("{2150E333-8FDC-42A3-9474-1A3956D46DE8}") = "Convolution", "Convolution", "{C59F37D4-4C6C-48D7-B818-136EE116441E}"
EndProject
Project("{8BC9CEB8-8B4A-11D0-8D11-00A0C91BC942}") = "SepiaColor", "SepiaColor\SepiaColor.vcxproj", "{0815663E-8ACB-4FD4-AC24-8FEF5E70E4BE}"
EndProject
Project("{2150E333-8FDC-42A3-9474-1A3956D46DE8}") = "SepiaColor", "SepiaColor", "{D96FA20C-C88C-42B1-A747-996BB8E10950}"
EndProject
Global
	GlobalSection(SolutionConfigurationPlatforms) = preSolution
		Debug|x64 = Debug|x64
		Debug|x86 = Debug|x86
		Release|x64 = Release|x64
		Release|x86 = Release|x86
	EndGlobalSection
	GlobalSection(ProjectConfigurationPlatforms) = postSolution
		{320247BB-6BB8-4D29-921E-954CC12F1C94}.Debug|x64.ActiveCfg = Debug|x64
		{320247BB-6BB8-4D29-921E-954CC12F1C94}.Debug|x64.Build.0 = Debug|x64
		{320247BB-6BB8-4D29-921E-954CC12F1C94}.Debug|x86.ActiveCfg = Debug|Win32
		{320247BB-6BB8-4D29-921E-954CC12F1C94}.Debug|x86.Build.0 = Debug|Win32
		{320247BB-6BB8-4D29-921E-954CC12F1C94}.Release|x64.ActiveCfg = Release|x64
		{320247BB-6BB8-4D29-921E-954CC12F1C94}.Release|x64.Build.0 = Release|x64
		{320247BB-6BB8-4D29-921E-954CC12F1C94}.Release|x86.ActiveCfg = Release|Win32
		{320247BB-6BB8-4D29-921E-954CC12F1C94}.Release|x86.Build.0 = Release|Win32
		{49D61BCA-BA8A-4938-8713-4C3942B3DF25}.Debug|x64.ActiveCfg = Debug|x64
		{49D61BCA-BA8A-4938-8713-4C3942B3DF25}.Debug|x64.Build.0 = Debug|x64
		{49D61BCA-BA8A-4938-8713-4C3942B3DF25}.Debug|x86.ActiveCfg = Debug|Win32
		{49D61BCA-BA8A-4938-8713-4C3942B3DF25}.Debug|x86.Build.0 = Debug|Win32
		{49D61BCA-BA8A-4938-8713-4C3942B3DF25}.Release|x64.ActiveCfg = Release|x64
		{49D61BCA-BA8A-4938-8713-4C3942B3DF25}.Release|x64.Build.0 = Release|x64
		{49D61BCA-BA8A-4938-8713-4C3942B3DF25}.Release|x86.ActiveCfg = Release|Win32
		{49D61BCA-BA8A-4938-8713-4C3942B3DF25}.Release|x86.Build.0 = Release|Win32
		{0815663E-8ACB-4FD4-AC24-8FEF5E70E4BE}.Debug|x64.ActiveCfg = Debug|x64
		{0815663E-8ACB-4FD4-AC24-8FEF5E70E4BE}.Debug|x64.Build.0 = Debug|x64
		{0815663E-8ACB-4FD4-AC24-8FEF5E70E4BE}.Debug|x86.ActiveCfg = Debug|Win32
		{0815663E-8ACB-4FD4-AC24-8FEF5E70E4BE}.Debug|x86.Build.0 = Debug|Win32
		{0815663E-8ACB-4FD4-AC24-8FEF5E70E4BE}.Release|x64.ActiveCfg = Release|x64
		{0815663E-8ACB-4FD4-AC24-8FEF5E70E4BE}.Release|x64.Build.0 = Release|x64
		{0815663E-8ACB-4FD4-AC24-8FEF5E70E4BE}.Release|x86.ActiveCfg = Release|Win32
		{0815663E-8ACB-4FD4-AC24-8FEF5E70E4BE}.Release|x86.Build.0 = Release|Win32
	EndGlobalSection
	GlobalSection(SolutionProperties) = preSolution
		HideSolutionNode = FALSE
	EndGlobalSection
	GlobalSection(NestedProjects) = preSolution
		{320247BB-6BB8-4D29-921E-954CC12F1C94} = {6A05CF26-3140-4F9B-B0B1-6BCC98B243E8}
		{49D61BCA-BA8A-4938-8713-4C3942B3DF25} = {C59F37D4-4C6C-48D7-B818-136EE116441E}
		{0815663E-8ACB-4FD4-AC24-8FEF5E70E4BE} = {D96FA20C-C88C-42B1-A747-996BB8E10950}
	EndGlobalSection
EndGlobal
