<?xml version="1.0" encoding="utf-8"?>
<Project ToolsVersion="4.0" xmlns="http://schemas.microsoft.com/developer/msbuild/2003">
  <ItemGroup>
    <Filter Include="include">
      <UniqueIdentifier>{a82a5cae-2d72-44e0-b494-b8bb583f1586}</UniqueIdentifier>
    </Filter>
    <Filter Include="src">
      <UniqueIdentifier>{6686895e-249e-4e01-9f60-40b218790a03}</UniqueIdentifier>
    </Filter>
    <Filter Include="include_common">
      <UniqueIdentifier>{1c651c3f-987b-430d-b660-c65d0d3e944e}</UniqueIdentifier>
    </Filter>
    <Filter Include="include\Cameras">
      <UniqueIdentifier>{8b0d48d6-82a5-476e-8aaf-21791e01d805}</UniqueIdentifier>
    </Filter>
    <Filter Include="include\Cameras\ARRI">
      <UniqueIdentifier>{01c978a0-1d31-4e70-8df0-1cf800169226}</UniqueIdentifier>
    </Filter>
    <Filter Include="include\CIE">
      <UniqueIdentifier>{aa8f242e-20a7-43b4-82e2-788fdf344228}</UniqueIdentifier>
    </Filter>
    <Filter Include="python">
      <UniqueIdentifier>{efa70a46-39a3-406d-8651-f7f0a22c7a00}</UniqueIdentifier>
    </Filter>
    <Filter Include="python\ARRI">
      <UniqueIdentifier>{e99fdaa5-2e03-444a-8c56-44807bed3621}</UniqueIdentifier>
    </Filter>
    <Filter Include="python\cct_xyz_generator">
      <UniqueIdentifier>{42e70d36-a4c9-4d63-a46e-5c0032fadd1c}</UniqueIdentifier>
    </Filter>
    <Filter Include="python\cct_xyz_generator\CIE">
      <UniqueIdentifier>{3aa68dc3-b2ca-4424-9557-74892f95e6d4}</UniqueIdentifier>
    </Filter>
    <Filter Include="python\ARRI\arri_logc3_generator">
      <UniqueIdentifier>{5a788874-ba4b-4f9c-a897-49c68c553b85}</UniqueIdentifier>
    </Filter>
    <Filter Include="python\ARRI\arri_logc4_generator">
      <UniqueIdentifier>{685446ac-799b-4a00-a0c8-8ab2467ab830}</UniqueIdentifier>
    </Filter>
    <Filter Include="include\Cameras\ACES">
      <UniqueIdentifier>{aef9d810-8fd7-45ef-935d-140e2d1f8f44}</UniqueIdentifier>
    </Filter>
    <Filter Include="include\Cameras\APPLE">
      <UniqueIdentifier>{5559cd82-2cfe-4e38-9aef-7ccdc53bdfda}</UniqueIdentifier>
    </Filter>
    <Filter Include="include\Cameras\BlackMagic">
      <UniqueIdentifier>{29b9b75f-954f-421d-8b39-56330f9acf1a}</UniqueIdentifier>
    </Filter>
    <Filter Include="include\Cameras\CANON">
      <UniqueIdentifier>{a99627e9-5bae-423f-93fe-777341811e30}</UniqueIdentifier>
    </Filter>
    <Filter Include="include\Cameras\CINEON">
      <UniqueIdentifier>{aef57138-2b4d-43db-903f-afda8502efa1}</UniqueIdentifier>
    </Filter>
    <Filter Include="include\Cameras\DJI">
      <UniqueIdentifier>{0a24ec50-75df-40cb-8784-fdc36fe38118}</UniqueIdentifier>
    </Filter>
    <Filter Include="include\Cameras\FUJI">
      <UniqueIdentifier>{83e8b093-259d-4788-84fb-41071ef5226f}</UniqueIdentifier>
    </Filter>
    <Filter Include="include\Cameras\GoPro">
      <UniqueIdentifier>{fa01350b-1127-4cab-9bed-f79e01a490fe}</UniqueIdentifier>
    </Filter>
    <Filter Include="include\Cameras\LEICA">
      <UniqueIdentifier>{fe871247-3818-4073-9377-304e43e1e9bb}</UniqueIdentifier>
    </Filter>
    <Filter Include="include\Cameras\PANASONIC">
      <UniqueIdentifier>{c788954d-b02f-4c10-a020-cc6fcccfe352}</UniqueIdentifier>
    </Filter>
    <Filter Include="include\Cameras\NIKON">
      <UniqueIdentifier>{2935ac04-7c53-45c7-91c1-cf16a04c25a7}</UniqueIdentifier>
    </Filter>
    <Filter Include="include\Cameras\RED">
      <UniqueIdentifier>{4830c644-f28b-4b58-b104-e519b373fa55}</UniqueIdentifier>
    </Filter>
    <Filter Include="include\Cameras\SONY">
      <UniqueIdentifier>{2586e868-6c39-4672-99cb-0297acd51dc3}</UniqueIdentifier>
    </Filter>
    <Filter Include="include\CCTLut">
      <UniqueIdentifier>{8a3a00db-12b9-47c5-a62d-5a383774be73}</UniqueIdentifier>
    </Filter>
    <Filter Include="include\CCTLut\cpp14">
      <UniqueIdentifier>{a9e7cbeb-2ebd-430a-a7c1-1493f8e7f642}</UniqueIdentifier>
    </Filter>
    <Filter Include="include\CCTLut\cpp20">
      <UniqueIdentifier>{49baacd4-9fe9-4f06-97cf-553ae047ec98}</UniqueIdentifier>
    </Filter>
    <Filter Include="python\rgb_linear_generator">
      <UniqueIdentifier>{85cb4c0e-d828-421d-8dc4-a55da94ef16f}</UniqueIdentifier>
    </Filter>
    <Filter Include="include\LinearLut">
      <UniqueIdentifier>{4764e0fc-2ba1-4bd0-a90e-bd634027d8ad}</UniqueIdentifier>
    </Filter>
    <Filter Include="include\LinearLut\cpp14">
      <UniqueIdentifier>{1a88f780-f011-4654-b501-571fb1dd31ad}</UniqueIdentifier>
    </Filter>
    <Filter Include="include\LinearLut\cpp20">
      <UniqueIdentifier>{f2cce046-9d5a-42f3-a62d-98f41ebb6a7d}</UniqueIdentifier>
    </Filter>
  </ItemGroup>
  <ItemGroup>
    <ClInclude Include="..\Common\AefxDevPatch.hpp">
      <Filter>include_common</Filter>
    </ClInclude>
    <ClInclude Include="..\Common\AlignedAllocator.hpp">
      <Filter>include_common</Filter>
    </ClInclude>
    <ClInclude Include="..\Common\ClassRestrictions.hpp">
      <Filter>include_common</Filter>
    </ClInclude>
    <ClInclude Include="..\Common\ColorTransform.hpp">
      <Filter>include_common</Filter>
    </ClInclude>
    <ClInclude Include="..\Common\ColorTransformMatrix.hpp">
      <Filter>include_common</Filter>
    </ClInclude>
    <ClInclude Include="..\Common\Common.hpp">
      <Filter>include_common</Filter>
    </ClInclude>
    <ClInclude Include="..\Common\CommonAdobeAE.hpp">
      <Filter>include_common</Filter>
    </ClInclude>
    <ClInclude Include="..\Common\CommonAuxPixFormat.hpp">
      <Filter>include_common</Filter>
    </ClInclude>
    <ClInclude Include="..\Common\CommonBitsOperations.hpp">
      <Filter>include_common</Filter>
    </ClInclude>
    <ClInclude Include="..\Common\CommonColorTemperature.hpp">
      <Filter>include_common</Filter>
    </ClInclude>
    <ClInclude Include="..\Common\CommonDebugUtils.hpp">
      <Filter>include_common</Filter>
    </ClInclude>
    <ClInclude Include="..\Common\CommonPixFormat.hpp">
      <Filter>include_common</Filter>
    </ClInclude>
    <ClInclude Include="..\Common\CommonPixFormatSFINAE.hpp">
      <Filter>include_common</Filter>
    </ClInclude>
    <ClInclude Include="..\Common\CommonSmartRender.hpp">
      <Filter>include_common</Filter>
    </ClInclude>
    <ClInclude Include="..\Common\CommonTypeTraits.hpp">
      <Filter>include_common</Filter>
    </ClInclude>
    <ClInclude Include="..\Common\CompileTimeUtils.hpp">
      <Filter>include_common</Filter>
    </ClInclude>
    <ClInclude Include="..\Common\FastAriphmetics.hpp">
      <Filter>include_common</Filter>
    </ClInclude>
    <ClInclude Include="..\Common\FastAriphmeticsAVX.hpp">
      <Filter>include_common</Filter>
    </ClInclude>
    <ClInclude Include="..\Common\ImageLabCUDA.hpp">
      <Filter>include_common</Filter>
    </ClInclude>
    <ClInclude Include="..\Common\LibExport.hpp">
      <Filter>include_common</Filter>
    </ClInclude>
    <ClInclude Include="..\Common\Param_Utils.h">
      <Filter>include_common</Filter>
    </ClInclude>
    <ClInclude Include="include\Cameras\ARRI\ARRI_LogC3_EI.hpp">
      <Filter>include\Cameras\ARRI</Filter>
    </ClInclude>
    <ClInclude Include="include\Cameras\ARRI\ARRI_LogC4.hpp">
      <Filter>include\Cameras\ARRI</Filter>
    </ClInclude>
    <ClInclude Include="include\CIE\CMF_CIE_XYZ_1931_2DEG.hpp">
      <Filter>include\CIE</Filter>
    </ClInclude>
    <ClInclude Include="include\CIE\CMF_CIE_XYZ_1964_10DEG.hpp">
      <Filter>include\CIE</Filter>
    </ClInclude>
    <ClInclude Include="include\Cameras\ACES\ACES_Transfer.hpp">
      <Filter>include\Cameras\ACES</Filter>
    </ClInclude>
    <ClInclude Include="include\Cameras\APPLE\Apple_Log.hpp">
      <Filter>include\Cameras\APPLE</Filter>
    </ClInclude>
    <ClInclude Include="include\Cameras\BlackMagic\BMD_FilmGen5.hpp">
      <Filter>include\Cameras\BlackMagic</Filter>
    </ClInclude>
    <ClInclude Include="include\Cameras\CANON\Canon_CLog3.hpp">
      <Filter>include\Cameras\CANON</Filter>
    </ClInclude>
    <ClInclude Include="include\Cameras\CINEON\Cineon_Log.hpp">
      <Filter>include\Cameras\CINEON</Filter>
    </ClInclude>
    <ClInclude Include="include\Cameras\DJI\DJI_DLog.hpp">
      <Filter>include\Cameras\DJI</Filter>
    </ClInclude>
    <ClInclude Include="include\Cameras\FUJI\Fuji_FLog2.hpp">
      <Filter>include\Cameras\FUJI</Filter>
    </ClInclude>
    <ClInclude Include="include\Cameras\GoPro\GoPro_Protune.hpp">
      <Filter>include\Cameras\GoPro</Filter>
    </ClInclude>
    <ClInclude Include="include\Cameras\LEICA\Leica_LLog.hpp">
      <Filter>include\Cameras\LEICA</Filter>
    </ClInclude>
    <ClInclude Include="include\Cameras\NIKON\Nikon_NLog.hpp">
      <Filter>include\Cameras\NIKON</Filter>
    </ClInclude>
    <ClInclude Include="include\Cameras\PANASONIC\Panasonic_VLog.hpp">
      <Filter>include\Cameras\PANASONIC</Filter>
    </ClInclude>
    <ClInclude Include="include\Cameras\RED\RED_Log3G10.hpp">
      <Filter>include\Cameras\RED</Filter>
    </ClInclude>
    <ClInclude Include="include\Cameras\SONY\Sony_SLog3.hpp">
      <Filter>include\Cameras\SONY</Filter>
    </ClInclude>
    <ClInclude Include="include\CCTLut\cpp14\CCT_LUT_CIE_1931_2DEG.hpp">
      <Filter>include\CCTLut\cpp14</Filter>
    </ClInclude>
    <ClInclude Include="include\CCTLut\cpp14\CCT_LUT_CIE_1964_10DEG.hpp">
      <Filter>include\CCTLut\cpp14</Filter>
    </ClInclude>
    <ClInclude Include="include\CCTLut\CCTLut.hpp">
      <Filter>include\CCTLut</Filter>
    </ClInclude>
    <ClInclude Include="include\CCTLut\cpp20\CCT_LUT_CIE_1931_2DEG_CPP20.hpp">
      <Filter>include\CCTLut\cpp20</Filter>
    </ClInclude>
    <ClInclude Include="include\CCTLut\cpp20\CCT_LUT_CIE_1964_10DEG_CPP20.hpp">
      <Filter>include\CCTLut\cpp20</Filter>
    </ClInclude>
    <ClInclude Include="include\LinearLut\LinearLut.hpp">
      <Filter>include\LinearLut</Filter>
    </ClInclude>
    <ClInclude Include="include\LinearLut\cpp14\LINEARIZE_LUT_SRGB_8BIT_F64_CPP14.hpp">
      <Filter>include\LinearLut\cpp14</Filter>
    </ClInclude>
    <ClInclude Include="include\LinearLut\cpp14\LINEARIZE_LUT_SRGB_10BIT_F64_CPP14.hpp">
      <Filter>include\LinearLut\cpp14</Filter>
    </ClInclude>
    <ClInclude Include="include\LinearLut\cpp14\LINEARIZE_LUT_SRGB_16BIT_F64_CPP14.hpp">
      <Filter>include\LinearLut\cpp14</Filter>
    </ClInclude>
    <ClInclude Include="include\LinearLut\cpp20\LINEARIZE_LUT_SRGB_8BIT_F64_CPP20.hpp">
      <Filter>include\LinearLut\cpp20</Filter>
    </ClInclude>
    <ClInclude Include="include\LinearLut\cpp20\LINEARIZE_LUT_SRGB_10BIT_F64_CPP20.hpp">
      <Filter>include\LinearLut\cpp20</Filter>
    </ClInclude>
    <ClInclude Include="include\LinearLut\cpp20\LINEARIZE_LUT_SRGB_16BIT_F64_CPP20.hpp">
      <Filter>include\LinearLut\cpp20</Filter>
    </ClInclude>
  </ItemGroup>
  <ItemGroup>
    <ClCompile Include="src\dummy.cpp">
      <Filter>src</Filter>
    </ClCompile>
  </ItemGroup>
  <ItemGroup>
    <None Include="python\cct_xyz_generator\CIE_xyz_1931_2deg.csv">
      <Filter>python\cct_xyz_generator\CIE</Filter>
    </None>
    <None Include="python\cct_xyz_generator\CIE_xyz_1964_10deg.csv">
      <Filter>python\cct_xyz_generator\CIE</Filter>
    </None>
    <None Include="python\ARRI\ARRI - LogC False Color - Specification.pdf">
      <Filter>python\ARRI</Filter>
    </None>
    <None Include="python\ARRI\arri_logc3_generator\ARRI_ALEXA_LogC_Curve_in_VFX.pdf">
      <Filter>python\ARRI\arri_logc3_generator</Filter>
    </None>
    <None Include="python\ARRI\arri_logc3_generator\gen_arri_logc3_header.py">
      <Filter>python\ARRI\arri_logc3_generator</Filter>
    </None>
    <None Include="python\ARRI\arri_logc4_generator\ARRI - LogC4 - Specification.pdf">
      <Filter>python\ARRI\arri_logc4_generator</Filter>
    </None>
    <None Include="python\ARRI\arri_logc4_generator\gen_arri_logc4_header.py">
      <Filter>python\ARRI\arri_logc4_generator</Filter>
    </None>
    <None Include="python\cct_xyz_generator\gen_cct_lut_header_cpp14.py">
      <Filter>python\cct_xyz_generator</Filter>
    </None>
    <None Include="python\cct_xyz_generator\gen_cct_lut_header_cpp20.py">
      <Filter>python\cct_xyz_generator</Filter>
    </None>
    <None Include="python\cct_xyz_generator\gen_cmf_header.py">
      <Filter>python\cct_xyz_generator</Filter>
    </None>
    <None Include="python\rgb_linear_generator\gen_linearize_lut.py">
      <Filter>python\rgb_linear_generator</Filter>
    </None>
  </ItemGroup>
  <ItemGroup>
    <Text Include="python\cct_xyz_generator\Readme!.txt">
      <Filter>python\cct_xyz_generator</Filter>
    </Text>
  </ItemGroup>
</Project>