<?xml version="1.0" encoding="utf-8"?>
<Project ToolsVersion="4.0" xmlns="http://schemas.microsoft.com/developer/msbuild/2003">
  <ItemGroup>
    <Filter Include="src">
      <UniqueIdentifier>{4FC737F1-C7A5-4376-A066-2A32D752A2FF}</UniqueIdentifier>
      <Extensions>cpp;c;cc;cxx;def;odl;idl;hpj;bat;asm;asmx</Extensions>
    </Filter>
    <Filter Include="resource">
      <UniqueIdentifier>{67DA6AB6-F800-4c08-8B7A-83BB121AAD01}</UniqueIdentifier>
      <Extensions>rc;ico;cur;bmp;dlg;rc2;rct;bin;rgs;gif;jpg;jpeg;jpe;resx;tiff;tif;png;wav;mfcribbon-ms</Extensions>
    </Filter>
    <Filter Include="include">
      <UniqueIdentifier>{93995380-89BD-4b04-88EB-625FBE52EBFB}</UniqueIdentifier>
      <Extensions>h;hh;hpp;hxx;hm;inl;inc;xsd</Extensions>
    </Filter>
    <Filter Include="include_common">
      <UniqueIdentifier>{250c5b00-f4e3-4cb5-a83c-58e34d64aa4b}</UniqueIdentifier>
    </Filter>
    <Filter Include="python">
      <UniqueIdentifier>{0252335d-ee2a-45dd-b192-107e5a45b7ab}</UniqueIdentifier>
    </Filter>
    <Filter Include="python\arri_logc3_generator">
      <UniqueIdentifier>{fc5fb54d-51d9-41ee-a0e6-64b868e85356}</UniqueIdentifier>
    </Filter>
    <Filter Include="python\arri_logc4_generator">
      <UniqueIdentifier>{ba9602ae-0d98-4fad-a553-f47596ee68d2}</UniqueIdentifier>
    </Filter>
    <Filter Include="python\cct_xyz_generator">
      <UniqueIdentifier>{e38a771d-ee1e-4694-80b7-fe1407883ee9}</UniqueIdentifier>
    </Filter>
    <Filter Include="include\Cameras">
      <UniqueIdentifier>{5084e0ce-711a-4c3e-9c60-415b765eba04}</UniqueIdentifier>
    </Filter>
    <Filter Include="include\CIE">
      <UniqueIdentifier>{2f20662e-3df6-480f-bada-2d1aa3b5532f}</UniqueIdentifier>
    </Filter>
  </ItemGroup>
  <ItemGroup>
    <ClInclude Include="..\Common\ClassRestrictions.hpp">
      <Filter>include_common</Filter>
    </ClInclude>
    <ClInclude Include="..\Common\ColorTransform.hpp">
      <Filter>include_common</Filter>
    </ClInclude>
    <ClInclude Include="..\Common\ColorTransformMatrix.hpp">
      <Filter>include_common</Filter>
    </ClInclude>
    <ClInclude Include="..\Common\Common.hpp">
      <Filter>include_common</Filter>
    </ClInclude>
    <ClInclude Include="..\Common\CommonAdobeAE.hpp">
      <Filter>include_common</Filter>
    </ClInclude>
    <ClInclude Include="..\Common\CommonAuxPixFormat.hpp">
      <Filter>include_common</Filter>
    </ClInclude>
    <ClInclude Include="..\Common\CommonBitsOperations.hpp">
      <Filter>include_common</Filter>
    </ClInclude>
    <ClInclude Include="..\Common\CommonColorTemperature.hpp">
      <Filter>include_common</Filter>
    </ClInclude>
    <ClInclude Include="..\Common\CommonDebugUtils.hpp">
      <Filter>include_common</Filter>
    </ClInclude>
    <ClInclude Include="..\Common\CommonPixFormat.hpp">
      <Filter>include_common</Filter>
    </ClInclude>
    <ClInclude Include="..\Common\CommonPixFormatSFINAE.hpp">
      <Filter>include_common</Filter>
    </ClInclude>
    <ClInclude Include="..\Common\CommonTypeTraits.hpp">
      <Filter>include_common</Filter>
    </ClInclude>
    <ClInclude Include="..\Common\CompileTimeUtils.hpp">
      <Filter>include_common</Filter>
    </ClInclude>
    <ClInclude Include="..\Common\FastAriphmetics.hpp">
      <Filter>include_common</Filter>
    </ClInclude>
    <ClInclude Include="..\Common\ImageLabCUDA.hpp">
      <Filter>include_common</Filter>
    </ClInclude>
    <ClInclude Include="..\Common\LibExport.hpp">
      <Filter>include_common</Filter>
    </ClInclude>
    <ClInclude Include="..\Common\Param_Utils.h">
      <Filter>include_common</Filter>
    </ClInclude>
    <ClInclude Include="..\Common\CommonSmartRender.hpp">
      <Filter>include_common</Filter>
    </ClInclude>
    <ClInclude Include="..\Common\FastAriphmeticsAVX.hpp">
      <Filter>include_common</Filter>
    </ClInclude>
    <ClInclude Include="..\Common\AefxDevPatch.hpp">
      <Filter>include_common</Filter>
    </ClInclude>
    <ClInclude Include="..\Common\AlignedAllocator.hpp">
      <Filter>include_common</Filter>
    </ClInclude>
    <ClInclude Include="include\Cameras\ARRI_LogC3_EI.hpp">
      <Filter>include\Cameras</Filter>
    </ClInclude>
    <ClInclude Include="include\Cameras\ARRI_LogC4.hpp">
      <Filter>include\Cameras</Filter>
    </ClInclude>
    <ClInclude Include="include\CIE\CMF_CIE_XYZ_1931_2DEG.hpp">
      <Filter>include\CIE</Filter>
    </ClInclude>
    <ClInclude Include="include\CIE\CMF_CIE_XYZ_1964_10DEG.hpp">
      <Filter>include\CIE</Filter>
    </ClInclude>
  </ItemGroup>
  <ItemGroup>
    <None Include="python\arri_logc3_generator\gen_arri_logc3_header.py">
      <Filter>python\arri_logc3_generator</Filter>
    </None>
    <None Include="python\arri_logc4_generator\gen_arri_logc4_header.py">
      <Filter>python\arri_logc4_generator</Filter>
    </None>
    <None Include="python\cct_xyz_generator\CIE_xyz_1931_2deg.csv">
      <Filter>python\cct_xyz_generator</Filter>
    </None>
    <None Include="python\cct_xyz_generator\CIE_xyz_1964_10deg.csv">
      <Filter>python\cct_xyz_generator</Filter>
    </None>
    <None Include="python\cct_xyz_generator\gen_cmf_header.py">
      <Filter>python\cct_xyz_generator</Filter>
    </None>
  </ItemGroup>
  <ItemGroup>
    <ClCompile Include="src\dummy.cpp">
      <Filter>src</Filter>
    </ClCompile>
  </ItemGroup>
</Project>