<?xml version="1.0" encoding="utf-8"?>
<Project ToolsVersion="4.0" xmlns="http://schemas.microsoft.com/developer/msbuild/2003">
  <ItemGroup>
    <Filter Include="src">
      <UniqueIdentifier>{4FC737F1-C7A5-4376-A066-2A32D752A2FF}</UniqueIdentifier>
      <Extensions>cpp;c;cc;cxx;def;odl;idl;hpj;bat;asm;asmx</Extensions>
    </Filter>
    <Filter Include="resource">
      <UniqueIdentifier>{67DA6AB6-F800-4c08-8B7A-83BB121AAD01}</UniqueIdentifier>
      <Extensions>rc;ico;cur;bmp;dlg;rc2;rct;bin;rgs;gif;jpg;jpeg;jpe;resx;tiff;tif;png;wav;mfcribbon-ms</Extensions>
    </Filter>
    <Filter Include="include">
      <UniqueIdentifier>{93995380-89BD-4b04-88EB-625FBE52EBFB}</UniqueIdentifier>
      <Extensions>h;hh;hpp;hxx;hm;inl;inc;xsd</Extensions>
    </Filter>
    <Filter Include="include_common">
      <UniqueIdentifier>{744de50c-0321-4166-a3eb-5c5b853a2f9e}</UniqueIdentifier>
    </Filter>
  </ItemGroup>
  <ItemGroup>
    <ClInclude Include="..\Common\ClassRestrictions.hpp">
      <Filter>include_common</Filter>
    </ClInclude>
    <ClInclude Include="..\Common\ColorTransform.hpp">
      <Filter>include_common</Filter>
    </ClInclude>
    <ClInclude Include="..\Common\ColorTransformMatrix.hpp">
      <Filter>include_common</Filter>
    </ClInclude>
    <ClInclude Include="..\Common\Common.hpp">
      <Filter>include_common</Filter>
    </ClInclude>
    <ClInclude Include="..\Common\CommonAdobeAE.hpp">
      <Filter>include_common</Filter>
    </ClInclude>
    <ClInclude Include="..\Common\CommonAuxPixFormat.hpp">
      <Filter>include_common</Filter>
    </ClInclude>
    <ClInclude Include="..\Common\CommonBitsOperations.hpp">
      <Filter>include_common</Filter>
    </ClInclude>
    <ClInclude Include="..\Common\CommonColorTemperature.hpp">
      <Filter>include_common</Filter>
    </ClInclude>
    <ClInclude Include="..\Common\CommonDebugUtils.hpp">
      <Filter>include_common</Filter>
    </ClInclude>
    <ClInclude Include="..\Common\CommonPixFormat.hpp">
      <Filter>include_common</Filter>
    </ClInclude>
    <ClInclude Include="..\Common\CommonPixFormatSFINAE.hpp">
      <Filter>include_common</Filter>
    </ClInclude>
    <ClInclude Include="..\Common\CommonTypeTraits.hpp">
      <Filter>include_common</Filter>
    </ClInclude>
    <ClInclude Include="..\Common\CompileTimeUtils.hpp">
      <Filter>include_common</Filter>
    </ClInclude>
    <ClInclude Include="..\Common\FastAriphmetics.hpp">
      <Filter>include_common</Filter>
    </ClInclude>
    <ClInclude Include="..\Common\ImageLabCUDA.hpp">
      <Filter>include_common</Filter>
    </ClInclude>
    <ClInclude Include="..\Common\LibExport.hpp">
      <Filter>include_common</Filter>
    </ClInclude>
    <ClInclude Include="..\Common\Param_Utils.h">
      <Filter>include_common</Filter>
    </ClInclude>
    <ClInclude Include="include\FuzzyMedianFilter.hpp">
      <Filter>include</Filter>
    </ClInclude>
    <ClInclude Include="include\FuzzyMedianAlgo.hpp">
      <Filter>include</Filter>
    </ClInclude>
    <ClInclude Include="include\ImageLabMemInterface.hpp">
      <Filter>include</Filter>
    </ClInclude>
    <ClInclude Include="include\FuzzyMedianFilterEnum.hpp">
      <Filter>include</Filter>
    </ClInclude>
    <ClInclude Include="include\Fuzzy_Logic_3x3.hpp">
      <Filter>include</Filter>
    </ClInclude>
    <ClInclude Include="include\Fuzzy_Logic_5x5.hpp">
      <Filter>include</Filter>
    </ClInclude>
    <ClInclude Include="include\FuzzyRules.hpp">
      <Filter>include</Filter>
    </ClInclude>
    <ClInclude Include="include\Fuzzy_Logic_7x7.hpp">
      <Filter>include</Filter>
    </ClInclude>
    <ClInclude Include="include\Fuzzy_LogicUtils.hpp">
      <Filter>include</Filter>
    </ClInclude>
    <ClInclude Include="include\FuzzyMedianFilterSmartRender.hpp">
      <Filter>include</Filter>
    </ClInclude>
    <ClInclude Include="include\FuzzyMedianFilterGPU.hpp">
      <Filter>include</Filter>
    </ClInclude>
  </ItemGroup>
  <ItemGroup>
    <ClCompile Include="src\FuzzyMedianFilter.cpp">
      <Filter>src</Filter>
    </ClCompile>
    <ClCompile Include="src\FuzzyMedianFilterAE.cpp">
      <Filter>src</Filter>
    </ClCompile>
    <ClCompile Include="src\FuzzyMedianFilterPR.cpp">
      <Filter>src</Filter>
    </ClCompile>
    <ClCompile Include="src\ImageLabMemInterface.cpp">
      <Filter>src</Filter>
    </ClCompile>
    <ClCompile Include="src\FuzzyMedianFilterSmartRender.cpp">
      <Filter>src</Filter>
    </ClCompile>
    <ClCompile Include="src\FuzzyMedianFilter_GPU.cpp">
      <Filter>src</Filter>
    </ClCompile>
  </ItemGroup>
  <ItemGroup>
    <ResourceCompile Include="FuzzyMedianFilter.rc">
      <Filter>resource</Filter>
    </ResourceCompile>
  </ItemGroup>
  <ItemGroup>
    <CustomBuild Include="FuzzyMedianFilter.r">
      <Filter>resource</Filter>
    </CustomBuild>
    <CustomBuild Include="src\FuzzyMedianFilterKernel.cu">
      <Filter>src</Filter>
    </CustomBuild>
  </ItemGroup>
</Project>