<?xml version="1.0" encoding="utf-8"?>
<Project ToolsVersion="4.0" xmlns="http://schemas.microsoft.com/developer/msbuild/2003">
  <ItemGroup>
    <Filter Include="src">
      <UniqueIdentifier>{4FC737F1-C7A5-4376-A066-2A32D752A2FF}</UniqueIdentifier>
      <Extensions>cpp;c;cc;cxx;def;odl;idl;hpj;bat;asm;asmx</Extensions>
    </Filter>
    <Filter Include="include">
      <UniqueIdentifier>{93995380-89BD-4b04-88EB-625FBE52EBFB}</UniqueIdentifier>
      <Extensions>h;hh;hpp;hxx;hm;inl;inc;xsd</Extensions>
    </Filter>
    <Filter Include="resource">
      <UniqueIdentifier>{67DA6AB6-F800-4c08-8B7A-83BB121AAD01}</UniqueIdentifier>
      <Extensions>rc;ico;cur;bmp;dlg;rc2;rct;bin;rgs;gif;jpg;jpeg;jpe;resx;tiff;tif;png;wav;mfcribbon-ms</Extensions>
    </Filter>
    <Filter Include="include_common">
      <UniqueIdentifier>{35562031-9375-4c03-904b-627d5334e95f}</UniqueIdentifier>
    </Filter>
  </ItemGroup>
  <ItemGroup>
    <ClInclude Include="..\Common\ClassRestrictions.hpp">
      <Filter>include_common</Filter>
    </ClInclude>
    <ClInclude Include="..\Common\ColorTransformMatrix.hpp">
      <Filter>include_common</Filter>
    </ClInclude>
    <ClInclude Include="..\Common\Common.hpp">
      <Filter>include_common</Filter>
    </ClInclude>
    <ClInclude Include="..\Common\CommonAdobeAE.hpp">
      <Filter>include_common</Filter>
    </ClInclude>
    <ClInclude Include="..\Common\CommonBitsOperations.hpp">
      <Filter>include_common</Filter>
    </ClInclude>
    <ClInclude Include="..\Common\CommonDebugUtils.hpp">
      <Filter>include_common</Filter>
    </ClInclude>
    <ClInclude Include="..\Common\CommonPixFormat.hpp">
      <Filter>include_common</Filter>
    </ClInclude>
    <ClInclude Include="..\Common\CommonPixFormatSFINAE.hpp">
      <Filter>include_common</Filter>
    </ClInclude>
    <ClInclude Include="..\Common\CompileTimeUtils.hpp">
      <Filter>include_common</Filter>
    </ClInclude>
    <ClInclude Include="..\Common\FastAriphmetics.hpp">
      <Filter>include_common</Filter>
    </ClInclude>
    <ClInclude Include="..\Common\ImageLabCUDA.hpp">
      <Filter>include_common</Filter>
    </ClInclude>
    <ClInclude Include="..\Common\LibExport.hpp">
      <Filter>include_common</Filter>
    </ClInclude>
    <ClInclude Include="..\Common\Param_Utils.h">
      <Filter>include_common</Filter>
    </ClInclude>
    <ClInclude Include="include\ImageEqualization.hpp">
      <Filter>include</Filter>
    </ClInclude>
    <ClInclude Include="include\ImageEqualizationEnums.hpp">
      <Filter>include</Filter>
    </ClInclude>
    <ClInclude Include="include\ImageEqualizationFuncProto.hpp">
      <Filter>include</Filter>
    </ClInclude>
    <ClInclude Include="include\ImageHistogram.hpp">
      <Filter>include</Filter>
    </ClInclude>
    <ClInclude Include="include\ImageLUT.hpp">
      <Filter>include</Filter>
    </ClInclude>
    <ClInclude Include="..\Common\CommonTypeTraits.hpp">
      <Filter>include_common</Filter>
    </ClInclude>
    <ClInclude Include="include\ImageLabMemInterface.hpp">
      <Filter>include</Filter>
    </ClInclude>
    <ClInclude Include="..\Common\ColorTransform.hpp">
      <Filter>include_common</Filter>
    </ClInclude>
    <ClInclude Include="include\ImageEqualizationColorTransform.hpp">
      <Filter>include</Filter>
    </ClInclude>
    <ClInclude Include="include\ImageCoefficients.txt">
      <Filter>include</Filter>
    </ClInclude>
    <ClInclude Include="include\ImageEqualizationStrings.hpp">
      <Filter>include</Filter>
    </ClInclude>
  </ItemGroup>
  <ItemGroup>
    <ClCompile Include="src\ImageEqualization.cpp">
      <Filter>src</Filter>
    </ClCompile>
    <ClCompile Include="src\EqualizationInAe.cpp">
      <Filter>src</Filter>
    </ClCompile>
    <ClCompile Include="src\EqualizationInPr.cpp">
      <Filter>src</Filter>
    </ClCompile>
    <ClCompile Include="src\Equalization_Exponential.cpp">
      <Filter>src</Filter>
    </ClCompile>
    <ClCompile Include="src\Equalization_Linear.cpp">
      <Filter>src</Filter>
    </ClCompile>
    <ClCompile Include="src\Equalization_Manual.cpp">
      <Filter>src</Filter>
    </ClCompile>
    <ClCompile Include="src\Equalization_Sigmoid.cpp">
      <Filter>src</Filter>
    </ClCompile>
    <ClCompile Include="src\ImageEqualization_LibLink.cpp">
      <Filter>src</Filter>
    </ClCompile>
    <ClCompile Include="src\DllMain.cpp">
      <Filter>src</Filter>
    </ClCompile>
    <ClCompile Include="src\Equalization_Dark.cpp">
      <Filter>src</Filter>
    </ClCompile>
    <ClCompile Include="src\Equalization_Bright.cpp">
      <Filter>src</Filter>
    </ClCompile>
    <ClCompile Include="src\Equalization_Advanced.cpp">
      <Filter>src</Filter>
    </ClCompile>
    <ClCompile Include="src\Equalization_AdvancedEx.cpp">
      <Filter>src</Filter>
    </ClCompile>
  </ItemGroup>
  <ItemGroup>
    <ResourceCompile Include="ImageEqualization.rc">
      <Filter>resource</Filter>
    </ResourceCompile>
  </ItemGroup>
  <ItemGroup>
    <CustomBuild Include="ImageEqualization.r">
      <Filter>resource</Filter>
    </CustomBuild>
  </ItemGroup>
</Project>