<?xml version="1.0" encoding="utf-8"?>
<Project ToolsVersion="4.0" xmlns="http://schemas.microsoft.com/developer/msbuild/2003">
  <ItemGroup>
    <Filter Include="include">
      <UniqueIdentifier>{93995380-89BD-4b04-88EB-625FBE52EBFB}</UniqueIdentifier>
      <Extensions>h;hh;hpp;hxx;hm;inl;inc;xsd</Extensions>
    </Filter>
    <Filter Include="resource">
      <UniqueIdentifier>{67DA6AB6-F800-4c08-8B7A-83BB121AAD01}</UniqueIdentifier>
      <Extensions>rc;ico;cur;bmp;dlg;rc2;rct;bin;rgs;gif;jpg;jpeg;jpe;resx;tiff;tif;png;wav;mfcribbon-ms</Extensions>
    </Filter>
    <Filter Include="src">
      <UniqueIdentifier>{4FC737F1-C7A5-4376-A066-2A32D752A2FF}</UniqueIdentifier>
      <Extensions>cpp;c;cc;cxx;def;odl;idl;hpj;bat;asm;asmx</Extensions>
    </Filter>
    <Filter Include="include_common">
      <UniqueIdentifier>{36a7057e-0256-4798-91fe-6e1afd7b45e5}</UniqueIdentifier>
    </Filter>
  </ItemGroup>
  <ItemGroup>
    <ClInclude Include="..\Common\AefxDevPatch.hpp">
      <Filter>include_common</Filter>
    </ClInclude>
    <ClInclude Include="..\Common\AlignedAllocator.hpp">
      <Filter>include_common</Filter>
    </ClInclude>
    <ClInclude Include="..\Common\ClassRestrictions.hpp">
      <Filter>include_common</Filter>
    </ClInclude>
    <ClInclude Include="..\Common\ColorTransform.hpp">
      <Filter>include_common</Filter>
    </ClInclude>
    <ClInclude Include="..\Common\ColorTransformMatrix.hpp">
      <Filter>include_common</Filter>
    </ClInclude>
    <ClInclude Include="..\Common\Common.hpp">
      <Filter>include_common</Filter>
    </ClInclude>
    <ClInclude Include="..\Common\CommonAdobeAE.hpp">
      <Filter>include_common</Filter>
    </ClInclude>
    <ClInclude Include="..\Common\CommonAuxPixFormat.hpp">
      <Filter>include_common</Filter>
    </ClInclude>
    <ClInclude Include="..\Common\CommonBitsOperations.hpp">
      <Filter>include_common</Filter>
    </ClInclude>
    <ClInclude Include="..\Common\CommonColorTemperature.hpp">
      <Filter>include_common</Filter>
    </ClInclude>
    <ClInclude Include="..\Common\CommonDebugUtils.hpp">
      <Filter>include_common</Filter>
    </ClInclude>
    <ClInclude Include="..\Common\CommonPixFormat.hpp">
      <Filter>include_common</Filter>
    </ClInclude>
    <ClInclude Include="..\Common\CommonPixFormatSFINAE.hpp">
      <Filter>include_common</Filter>
    </ClInclude>
    <ClInclude Include="..\Common\CommonSmartRender.hpp">
      <Filter>include_common</Filter>
    </ClInclude>
    <ClInclude Include="..\Common\CommonTypeTraits.hpp">
      <Filter>include_common</Filter>
    </ClInclude>
    <ClInclude Include="..\Common\CompileTimeUtils.hpp">
      <Filter>include_common</Filter>
    </ClInclude>
    <ClInclude Include="..\Common\FastAriphmetics.hpp">
      <Filter>include_common</Filter>
    </ClInclude>
    <ClInclude Include="..\Common\FastAriphmeticsAVX.hpp">
      <Filter>include_common</Filter>
    </ClInclude>
    <ClInclude Include="..\Common\ImageLabCUDA.hpp">
      <Filter>include_common</Filter>
    </ClInclude>
    <ClInclude Include="..\Common\LibExport.hpp">
      <Filter>include_common</Filter>
    </ClInclude>
    <ClInclude Include="..\Common\Param_Utils.h">
      <Filter>include_common</Filter>
    </ClInclude>
    <ClInclude Include="include\AutomaticWhiteBalance2.hpp">
      <Filter>include</Filter>
    </ClInclude>
    <ClInclude Include="include\AlgCommonFunctions.hpp">
      <Filter>include</Filter>
    </ClInclude>
    <ClInclude Include="include\AlgCorrectionMatrix.hpp">
      <Filter>include</Filter>
    </ClInclude>
    <ClInclude Include="include\AlgoControl.hpp">
      <Filter>include</Filter>
    </ClInclude>
    <ClInclude Include="include\AlgoMemHandler.hpp">
      <Filter>include</Filter>
    </ClInclude>
    <ClInclude Include="include\AlgorithmMain.hpp">
      <Filter>include</Filter>
    </ClInclude>
    <ClInclude Include="include\AwbCorrection.hpp">
      <Filter>include</Filter>
    </ClInclude>
    <ClInclude Include="include\ImageLabMemInterface.hpp">
      <Filter>include</Filter>
    </ClInclude>
    <ClInclude Include="include\AlgorithmEnums.hpp">
      <Filter>include</Filter>
    </ClInclude>
    <ClInclude Include="include\AlgConvertColorInterleaved.hpp">
      <Filter>include</Filter>
    </ClInclude>
    <ClInclude Include="include\AlgConvertColorPlanar.hpp">
      <Filter>include</Filter>
    </ClInclude>
    <ClInclude Include="include\AlgConvertDispatcher.hpp">
      <Filter>include</Filter>
    </ClInclude>
    <ClInclude Include="include\AlgConvertDispatcherOut.hpp">
      <Filter>include</Filter>
    </ClInclude>
    <ClInclude Include="include\AlgConvertPixelTraits.hpp">
      <Filter>include</Filter>
    </ClInclude>
    <ClInclude Include="include\AuthomaticWhiteBalance2GPU.hpp">
      <Filter>include</Filter>
    </ClInclude>
  </ItemGroup>
  <ItemGroup>
    <ClCompile Include="src\AutomaticWhiteBalance2.cpp">
      <Filter>src</Filter>
    </ClCompile>
    <ClCompile Include="src\AutomaticWhiteBalance2AE.cpp">
      <Filter>src</Filter>
    </ClCompile>
    <ClCompile Include="src\AutomaticWhiteBalance2PR.cpp">
      <Filter>src</Filter>
    </ClCompile>
    <ClCompile Include="src\AutomaticWhiteBalance2SR.cpp">
      <Filter>src</Filter>
    </ClCompile>
    <ClCompile Include="src\AlgorithmMain_PCA.cpp">
      <Filter>src</Filter>
    </ClCompile>
    <ClCompile Include="src\AwbCorrection.cpp">
      <Filter>src</Filter>
    </ClCompile>
    <ClCompile Include="src\ImageLabMemInterface.cpp">
      <Filter>src</Filter>
    </ClCompile>
    <ClCompile Include="src\AlgoMemHandler.cpp">
      <Filter>src</Filter>
    </ClCompile>
    <ClCompile Include="src\AlgoControls.cpp">
      <Filter>src</Filter>
    </ClCompile>
    <ClCompile Include="src\AlgConvertDispatcher.cpp">
      <Filter>src</Filter>
    </ClCompile>
    <ClCompile Include="src\AlgConvertDispatcherOut.cpp">
      <Filter>src</Filter>
    </ClCompile>
    <ClCompile Include="src\AuthomaticWhiteBalance2_GPU.cpp">
      <Filter>src</Filter>
    </ClCompile>
  </ItemGroup>
  <ItemGroup>
    <ResourceCompile Include="AutomaticWhiteBalance2.rc">
      <Filter>resource</Filter>
    </ResourceCompile>
  </ItemGroup>
  <ItemGroup>
    <CustomBuild Include="AutomaticWhiteBalance2.r">
      <Filter>resource</Filter>
    </CustomBuild>
    <CustomBuild Include="src\ImageLabPCA16_CUDA.cu">
      <Filter>src</Filter>
    </CustomBuild>
    <CustomBuild Include="src\ImageLabPCA32_CUDA.cu">
      <Filter>src</Filter>
    </CustomBuild>
  </ItemGroup>
</Project>