
Microsoft Visual Studio Solution File, Format Version 12.00
# Visual Studio 14
VisualStudioVersion = 14.0.25420.1
MinimumVisualStudioVersion = 10.0.40219.1
Project("{2150E333-8FDC-42A3-9474-1A3956D46DE8}") = "ImageLabHDR", "ImageLabHDR", "{427A9A52-4745-4DC4-80A4-CDBAEE3A3173}"
EndProject
Project("{8BC9CEB8-8B4A-11D0-8D11-00A0C91BC942}") = "Image_Equalization", "ImageLabHDR\ImageLabHDR.vcxproj", "{31C7389E-6C30-42BF-B622-351002434DE0}"
EndProject
Project("{2150E333-8FDC-42A3-9474-1A3956D46DE8}") = "ImageLabBilateralRGB", "ImageLabBilateralRGB", "{53754536-7A02-461A-9EBD-01A1EA5DC874}"
EndProject
Project("{8BC9CEB8-8B4A-11D0-8D11-00A0C91BC942}") = "BilateralRGB", "ImageLabBilateralRGB\BilateralRGB.vcxproj", "{D84A8B17-513F-49A6-BCD2-865AF9409087}"
EndProject
Project("{2150E333-8FDC-42A3-9474-1A3956D46DE8}") = "TEST", "TEST", "{AD89B8DC-7D08-43C6-B95D-2A19DD3B3B5B}"
EndProject
Project("{8BC9CEB8-8B4A-11D0-8D11-00A0C91BC942}") = "BilateralTestRGB", "TEST\BilateralTestRGB\BilateralTestRGB.vcxproj", "{0DA6C94A-DA2D-4783-9298-53FFCD522AA8}"
EndProject
Project("{2150E333-8FDC-42A3-9474-1A3956D46DE8}") = "ImageLabFuzzyMedian", "ImageLabFuzzyMedian", "{DD391CB0-C6E6-4A7A-BAAD-0105318F0BBF}"
EndProject
Project("{2150E333-8FDC-42A3-9474-1A3956D46DE8}") = "ImageLabGlassyEffect", "ImageLabGlassyEffect", "{D046BCDC-E223-4F6E-AAAC-32614637160E}"
EndProject
Project("{8BC9CEB8-8B4A-11D0-8D11-00A0C91BC942}") = "ImageLabGlassyEffect", "ImageLabGlassyEffect\ImageLabGlassyEffect.vcxproj", "{639E68E0-6273-4807-A5C8-A5C5A139FF36}"
EndProject
Project("{2150E333-8FDC-42A3-9474-1A3956D46DE8}") = "ImageLabOilPaint", "ImageLabOilPaint", "{D455D87B-ED30-4CB2-8FAF-98CE9019BB92}"
EndProject
Project("{8BC9CEB8-8B4A-11D0-8D11-00A0C91BC942}") = "ImageLabOilPaint", "ImageLabOilPaint\ImageLabOilPaint.vcxproj", "{91862435-7B8C-4E59-94E4-93CA2EA4AE33}"
EndProject
Global
	GlobalSection(SolutionConfigurationPlatforms) = preSolution
		Debug|ARM = Debug|ARM
		Debug|x64 = Debug|x64
		Debug|x86 = Debug|x86
		Release|ARM = Release|ARM
		Release|x64 = Release|x64
		Release|x86 = Release|x86
	EndGlobalSection
	GlobalSection(ProjectConfigurationPlatforms) = postSolution
		{31C7389E-6C30-42BF-B622-351002434DE0}.Debug|ARM.ActiveCfg = Debug|x64
		{31C7389E-6C30-42BF-B622-351002434DE0}.Debug|ARM.Build.0 = Debug|x64
		{31C7389E-6C30-42BF-B622-351002434DE0}.Debug|x64.ActiveCfg = Debug|x64
		{31C7389E-6C30-42BF-B622-351002434DE0}.Debug|x64.Build.0 = Debug|x64
		{31C7389E-6C30-42BF-B622-351002434DE0}.Debug|x86.ActiveCfg = Debug|x64
		{31C7389E-6C30-42BF-B622-351002434DE0}.Debug|x86.Build.0 = Debug|x64
		{31C7389E-6C30-42BF-B622-351002434DE0}.Release|ARM.ActiveCfg = Release|Win32
		{31C7389E-6C30-42BF-B622-351002434DE0}.Release|x64.ActiveCfg = Release|x64
		{31C7389E-6C30-42BF-B622-351002434DE0}.Release|x64.Build.0 = Release|x64
		{31C7389E-6C30-42BF-B622-351002434DE0}.Release|x86.ActiveCfg = Release|Win32
		{31C7389E-6C30-42BF-B622-351002434DE0}.Release|x86.Build.0 = Release|Win32
		{D84A8B17-513F-49A6-BCD2-865AF9409087}.Debug|ARM.ActiveCfg = Debug|Win32
		{D84A8B17-513F-49A6-BCD2-865AF9409087}.Debug|x64.ActiveCfg = Debug|x64
		{D84A8B17-513F-49A6-BCD2-865AF9409087}.Debug|x64.Build.0 = Debug|x64
		{D84A8B17-513F-49A6-BCD2-865AF9409087}.Debug|x86.ActiveCfg = Debug|Win32
		{D84A8B17-513F-49A6-BCD2-865AF9409087}.Debug|x86.Build.0 = Debug|Win32
		{D84A8B17-513F-49A6-BCD2-865AF9409087}.Release|ARM.ActiveCfg = Release|Win32
		{D84A8B17-513F-49A6-BCD2-865AF9409087}.Release|x64.ActiveCfg = Release|x64
		{D84A8B17-513F-49A6-BCD2-865AF9409087}.Release|x64.Build.0 = Release|x64
		{D84A8B17-513F-49A6-BCD2-865AF9409087}.Release|x86.ActiveCfg = Release|Win32
		{D84A8B17-513F-49A6-BCD2-865AF9409087}.Release|x86.Build.0 = Release|Win32
		{0DA6C94A-DA2D-4783-9298-53FFCD522AA8}.Debug|ARM.ActiveCfg = Debug|Win32
		{0DA6C94A-DA2D-4783-9298-53FFCD522AA8}.Debug|x64.ActiveCfg = Debug|x64
		{0DA6C94A-DA2D-4783-9298-53FFCD522AA8}.Debug|x64.Build.0 = Debug|x64
		{0DA6C94A-DA2D-4783-9298-53FFCD522AA8}.Debug|x86.ActiveCfg = Debug|Win32
		{0DA6C94A-DA2D-4783-9298-53FFCD522AA8}.Debug|x86.Build.0 = Debug|Win32
		{0DA6C94A-DA2D-4783-9298-53FFCD522AA8}.Release|ARM.ActiveCfg = Release|Win32
		{0DA6C94A-DA2D-4783-9298-53FFCD522AA8}.Release|x64.ActiveCfg = Release|x64
		{0DA6C94A-DA2D-4783-9298-53FFCD522AA8}.Release|x64.Build.0 = Release|x64
		{0DA6C94A-DA2D-4783-9298-53FFCD522AA8}.Release|x86.ActiveCfg = Release|Win32
		{0DA6C94A-DA2D-4783-9298-53FFCD522AA8}.Release|x86.Build.0 = Release|Win32
		{639E68E0-6273-4807-A5C8-A5C5A139FF36}.Debug|ARM.ActiveCfg = Debug|Win32
		{639E68E0-6273-4807-A5C8-A5C5A139FF36}.Debug|x64.ActiveCfg = Debug|x64
		{639E68E0-6273-4807-A5C8-A5C5A139FF36}.Debug|x64.Build.0 = Debug|x64
		{639E68E0-6273-4807-A5C8-A5C5A139FF36}.Debug|x86.ActiveCfg = Debug|Win32
		{639E68E0-6273-4807-A5C8-A5C5A139FF36}.Debug|x86.Build.0 = Debug|Win32
		{639E68E0-6273-4807-A5C8-A5C5A139FF36}.Release|ARM.ActiveCfg = Release|Win32
		{639E68E0-6273-4807-A5C8-A5C5A139FF36}.Release|x64.ActiveCfg = Release|x64
		{639E68E0-6273-4807-A5C8-A5C5A139FF36}.Release|x64.Build.0 = Release|x64
		{639E68E0-6273-4807-A5C8-A5C5A139FF36}.Release|x86.ActiveCfg = Release|Win32
		{639E68E0-6273-4807-A5C8-A5C5A139FF36}.Release|x86.Build.0 = Release|Win32
		{91862435-7B8C-4E59-94E4-93CA2EA4AE33}.Debug|ARM.ActiveCfg = Debug|Win32
		{91862435-7B8C-4E59-94E4-93CA2EA4AE33}.Debug|x64.ActiveCfg = Debug|x64
		{91862435-7B8C-4E59-94E4-93CA2EA4AE33}.Debug|x64.Build.0 = Debug|x64
		{91862435-7B8C-4E59-94E4-93CA2EA4AE33}.Debug|x86.ActiveCfg = Debug|Win32
		{91862435-7B8C-4E59-94E4-93CA2EA4AE33}.Debug|x86.Build.0 = Debug|Win32
		{91862435-7B8C-4E59-94E4-93CA2EA4AE33}.Release|ARM.ActiveCfg = Release|Win32
		{91862435-7B8C-4E59-94E4-93CA2EA4AE33}.Release|x64.ActiveCfg = Release|x64
		{91862435-7B8C-4E59-94E4-93CA2EA4AE33}.Release|x64.Build.0 = Release|x64
		{91862435-7B8C-4E59-94E4-93CA2EA4AE33}.Release|x86.ActiveCfg = Release|Win32
		{91862435-7B8C-4E59-94E4-93CA2EA4AE33}.Release|x86.Build.0 = Release|Win32
	EndGlobalSection
	GlobalSection(SolutionProperties) = preSolution
		HideSolutionNode = FALSE
	EndGlobalSection
	GlobalSection(NestedProjects) = preSolution
		{31C7389E-6C30-42BF-B622-351002434DE0} = {427A9A52-4745-4DC4-80A4-CDBAEE3A3173}
		{D84A8B17-513F-49A6-BCD2-865AF9409087} = {53754536-7A02-461A-9EBD-01A1EA5DC874}
		{0DA6C94A-DA2D-4783-9298-53FFCD522AA8} = {AD89B8DC-7D08-43C6-B95D-2A19DD3B3B5B}
		{639E68E0-6273-4807-A5C8-A5C5A139FF36} = {D046BCDC-E223-4F6E-AAAC-32614637160E}
		{91862435-7B8C-4E59-94E4-93CA2EA4AE33} = {D455D87B-ED30-4CB2-8FAF-98CE9019BB92}
	EndGlobalSection
EndGlobal
