
Microsoft Visual Studio Solution File, Format Version 12.00
# Visual Studio 14
VisualStudioVersion = 14.0.25420.1
MinimumVisualStudioVersion = 10.0.40219.1
Project("{2150E333-8FDC-42A3-9474-1A3956D46DE8}") = "ImageLabHDR", "ImageLabHDR", "{427A9A52-4745-4DC4-80A4-CDBAEE3A3173}"
EndProject
Project("{8BC9CEB8-8B4A-11D0-8D11-00A0C91BC942}") = "Image_Equalization", "ImageLabHDR\ImageLabHDR.vcxproj", "{31C7389E-6C30-42BF-B622-351002434DE0}"
EndProject
Project("{2150E333-8FDC-42A3-9474-1A3956D46DE8}") = "ImageLabBilateralRGB", "ImageLabBilateralRGB", "{53754536-7A02-461A-9EBD-01A1EA5DC874}"
EndProject
Project("{8BC9CEB8-8B4A-11D0-8D11-00A0C91BC942}") = "BilateralRGB", "ImageLabBilateralRGB\BilateralRGB.vcxproj", "{D84A8B17-513F-49A6-BCD2-865AF9409087}"
EndProject
Project("{2150E333-8FDC-42A3-9474-1A3956D46DE8}") = "ImageLabFuzzyMedian", "ImageLabFuzzyMedian", "{DD391CB0-C6E6-4A7A-BAAD-0105318F0BBF}"
EndProject
Project("{2150E333-8FDC-42A3-9474-1A3956D46DE8}") = "ImageLabGlassyEffect", "ImageLabGlassyEffect", "{D046BCDC-E223-4F6E-AAAC-32614637160E}"
EndProject
Project("{8BC9CEB8-8B4A-11D0-8D11-00A0C91BC942}") = "ImageLabGlassyEffect", "ImageLabGlassyEffect\ImageLabGlassyEffect.vcxproj", "{639E68E0-6273-4807-A5C8-A5C5A139FF36}"
EndProject
Project("{2150E333-8FDC-42A3-9474-1A3956D46DE8}") = "ImageLabOilPaint", "ImageLabOilPaint", "{D455D87B-ED30-4CB2-8FAF-98CE9019BB92}"
EndProject
Project("{8BC9CEB8-8B4A-11D0-8D11-00A0C91BC942}") = "ImageLabOilPaint", "ImageLabOilPaint\ImageLabOilPaint.vcxproj", "{91862435-7B8C-4E59-94E4-93CA2EA4AE33}"
EndProject
Project("{2150E333-8FDC-42A3-9474-1A3956D46DE8}") = "ImageLabAWB", "ImageLabAWB", "{D4FA58EF-8CFE-40E6-A777-259016E0B9E5}"
EndProject
Project("{8BC9CEB8-8B4A-11D0-8D11-00A0C91BC942}") = "ImageLabAWB", "ImageLabAWB\ImageLabAWB.vcxproj", "{3AE1F63E-7467-495F-94C8-25F0C61C5CB0}"
EndProject
Project("{8BC9CEB8-8B4A-11D0-8D11-00A0C91BC942}") = "ImageLabBlackAndWhite", "ImageLabBlackAndWhite\ImageLabBlackAndWhite.vcxproj", "{4910F60F-F04D-4909-AB65-C8FC2E62493D}"
EndProject
Project("{2150E333-8FDC-42A3-9474-1A3956D46DE8}") = "ImagelabBlackAndWhite", "ImagelabBlackAndWhite", "{A4C18D9E-419A-47E2-8DD7-A46C8145B254}"
EndProject
Project("{8BC9CEB8-8B4A-11D0-8D11-00A0C91BC942}") = "ImageLabSepiaColor", "ImageLabSepiaColor\ImageLabSepiaColor.vcxproj", "{1CF37B08-B6CF-4779-B03D-468F1F471774}"
EndProject
Project("{2150E333-8FDC-42A3-9474-1A3956D46DE8}") = "ImageLabSepiaColor", "ImageLabSepiaColor", "{EEF29CFB-D7EC-4F26-9543-ABF2CD9B1D31}"
EndProject
Project("{2150E333-8FDC-42A3-9474-1A3956D46DE8}") = "ImageLabBilateral", "ImageLabBilateral", "{1DD82589-B4AA-4C05-B7F1-84BACD10FB93}"
EndProject
Project("{8BC9CEB8-8B4A-11D0-8D11-00A0C91BC942}") = "ImageLabBilateral", "ImageLabBilateral\ImageLabBilateral.vcxproj", "{B855C7B4-64B3-414F-ADE1-F7E0C52E42D1}"
EndProject
Project("{8BC9CEB8-8B4A-11D0-8D11-00A0C91BC942}") = "ImageLabFuzzyMedian", "ImageLabFuzzyMedian\ImageLabFuzzyMedian.vcxproj", "{F6941715-2EC5-4D9F-A94C-67E101378A12}"
	ProjectSection(ProjectDependencies) = postProject
		{8CD388D5-37DF-4C23-AC9F-3A2237619502} = {8CD388D5-37DF-4C23-AC9F-3A2237619502}
	EndProjectSection
EndProject
Project("{8BC9CEB8-8B4A-11D0-8D11-00A0C91BC942}") = "ImageLabMonoTonal", "ImageLabMonoTonal\ImageLabMonoTonal.vcxproj", "{B38BC637-2A37-4398-A825-45A894DF6A2E}"
EndProject
Project("{2150E333-8FDC-42A3-9474-1A3956D46DE8}") = "ImageLabMonoTonal", "ImageLabMonoTonal", "{2D373AD2-3132-4350-9C36-9C11B2664D79}"
EndProject
Project("{8BC9CEB8-8B4A-11D0-8D11-00A0C91BC942}") = "AsyncJob", "AsyncJob\AsyncJob.vcxproj", "{8CD388D5-37DF-4C23-AC9F-3A2237619502}"
EndProject
Project("{2150E333-8FDC-42A3-9474-1A3956D46DE8}") = "ImageLabAsyncJob", "ImageLabAsyncJob", "{2449C22A-3D21-4610-A7E0-684FA36A14F3}"
EndProject
Project("{8BC9CEB8-8B4A-11D0-8D11-00A0C91BC942}") = "ImageLabAverageFilter", "ImageLabAverageFilter\ImageLabAverageFilter.vcxproj", "{EF48BB05-0049-4D69-8F12-CAB06C6F7E0A}"
EndProject
Project("{2150E333-8FDC-42A3-9474-1A3956D46DE8}") = "ImageLabAverageFilter", "ImageLabAverageFilter", "{A6BF8678-FED5-4632-A69A-22A8F5B69B71}"
EndProject
Global
	GlobalSection(SolutionConfigurationPlatforms) = preSolution
		Debug|ARM = Debug|ARM
		Debug|x64 = Debug|x64
		Debug|x86 = Debug|x86
		Release|ARM = Release|ARM
		Release|x64 = Release|x64
		Release|x86 = Release|x86
	EndGlobalSection
	GlobalSection(ProjectConfigurationPlatforms) = postSolution
		{31C7389E-6C30-42BF-B622-351002434DE0}.Debug|ARM.ActiveCfg = Debug|x64
		{31C7389E-6C30-42BF-B622-351002434DE0}.Debug|ARM.Build.0 = Debug|x64
		{31C7389E-6C30-42BF-B622-351002434DE0}.Debug|x64.ActiveCfg = Debug|x64
		{31C7389E-6C30-42BF-B622-351002434DE0}.Debug|x64.Build.0 = Debug|x64
		{31C7389E-6C30-42BF-B622-351002434DE0}.Debug|x86.ActiveCfg = Debug|x64
		{31C7389E-6C30-42BF-B622-351002434DE0}.Debug|x86.Build.0 = Debug|x64
		{31C7389E-6C30-42BF-B622-351002434DE0}.Release|ARM.ActiveCfg = Release|Win32
		{31C7389E-6C30-42BF-B622-351002434DE0}.Release|x64.ActiveCfg = Release|x64
		{31C7389E-6C30-42BF-B622-351002434DE0}.Release|x64.Build.0 = Release|x64
		{31C7389E-6C30-42BF-B622-351002434DE0}.Release|x86.ActiveCfg = Release|Win32
		{31C7389E-6C30-42BF-B622-351002434DE0}.Release|x86.Build.0 = Release|Win32
		{D84A8B17-513F-49A6-BCD2-865AF9409087}.Debug|ARM.ActiveCfg = Debug|Win32
		{D84A8B17-513F-49A6-BCD2-865AF9409087}.Debug|x64.ActiveCfg = Debug|x64
		{D84A8B17-513F-49A6-BCD2-865AF9409087}.Debug|x64.Build.0 = Debug|x64
		{D84A8B17-513F-49A6-BCD2-865AF9409087}.Debug|x86.ActiveCfg = Debug|Win32
		{D84A8B17-513F-49A6-BCD2-865AF9409087}.Debug|x86.Build.0 = Debug|Win32
		{D84A8B17-513F-49A6-BCD2-865AF9409087}.Release|ARM.ActiveCfg = Release|Win32
		{D84A8B17-513F-49A6-BCD2-865AF9409087}.Release|x64.ActiveCfg = Release|x64
		{D84A8B17-513F-49A6-BCD2-865AF9409087}.Release|x64.Build.0 = Release|x64
		{D84A8B17-513F-49A6-BCD2-865AF9409087}.Release|x86.ActiveCfg = Release|Win32
		{D84A8B17-513F-49A6-BCD2-865AF9409087}.Release|x86.Build.0 = Release|Win32
		{639E68E0-6273-4807-A5C8-A5C5A139FF36}.Debug|ARM.ActiveCfg = Debug|Win32
		{639E68E0-6273-4807-A5C8-A5C5A139FF36}.Debug|x64.ActiveCfg = Debug|x64
		{639E68E0-6273-4807-A5C8-A5C5A139FF36}.Debug|x64.Build.0 = Debug|x64
		{639E68E0-6273-4807-A5C8-A5C5A139FF36}.Debug|x86.ActiveCfg = Debug|Win32
		{639E68E0-6273-4807-A5C8-A5C5A139FF36}.Debug|x86.Build.0 = Debug|Win32
		{639E68E0-6273-4807-A5C8-A5C5A139FF36}.Release|ARM.ActiveCfg = Release|Win32
		{639E68E0-6273-4807-A5C8-A5C5A139FF36}.Release|x64.ActiveCfg = Release|x64
		{639E68E0-6273-4807-A5C8-A5C5A139FF36}.Release|x64.Build.0 = Release|x64
		{639E68E0-6273-4807-A5C8-A5C5A139FF36}.Release|x86.ActiveCfg = Release|Win32
		{639E68E0-6273-4807-A5C8-A5C5A139FF36}.Release|x86.Build.0 = Release|Win32
		{91862435-7B8C-4E59-94E4-93CA2EA4AE33}.Debug|ARM.ActiveCfg = Debug|Win32
		{91862435-7B8C-4E59-94E4-93CA2EA4AE33}.Debug|x64.ActiveCfg = Debug|x64
		{91862435-7B8C-4E59-94E4-93CA2EA4AE33}.Debug|x64.Build.0 = Debug|x64
		{91862435-7B8C-4E59-94E4-93CA2EA4AE33}.Debug|x86.ActiveCfg = Debug|Win32
		{91862435-7B8C-4E59-94E4-93CA2EA4AE33}.Debug|x86.Build.0 = Debug|Win32
		{91862435-7B8C-4E59-94E4-93CA2EA4AE33}.Release|ARM.ActiveCfg = Release|Win32
		{91862435-7B8C-4E59-94E4-93CA2EA4AE33}.Release|x64.ActiveCfg = Release|x64
		{91862435-7B8C-4E59-94E4-93CA2EA4AE33}.Release|x64.Build.0 = Release|x64
		{91862435-7B8C-4E59-94E4-93CA2EA4AE33}.Release|x86.ActiveCfg = Release|Win32
		{91862435-7B8C-4E59-94E4-93CA2EA4AE33}.Release|x86.Build.0 = Release|Win32
		{3AE1F63E-7467-495F-94C8-25F0C61C5CB0}.Debug|ARM.ActiveCfg = Debug|Win32
		{3AE1F63E-7467-495F-94C8-25F0C61C5CB0}.Debug|x64.ActiveCfg = Debug|x64
		{3AE1F63E-7467-495F-94C8-25F0C61C5CB0}.Debug|x64.Build.0 = Debug|x64
		{3AE1F63E-7467-495F-94C8-25F0C61C5CB0}.Debug|x86.ActiveCfg = Debug|Win32
		{3AE1F63E-7467-495F-94C8-25F0C61C5CB0}.Debug|x86.Build.0 = Debug|Win32
		{3AE1F63E-7467-495F-94C8-25F0C61C5CB0}.Release|ARM.ActiveCfg = Release|Win32
		{3AE1F63E-7467-495F-94C8-25F0C61C5CB0}.Release|x64.ActiveCfg = Release|x64
		{3AE1F63E-7467-495F-94C8-25F0C61C5CB0}.Release|x64.Build.0 = Release|x64
		{3AE1F63E-7467-495F-94C8-25F0C61C5CB0}.Release|x86.ActiveCfg = Release|Win32
		{3AE1F63E-7467-495F-94C8-25F0C61C5CB0}.Release|x86.Build.0 = Release|Win32
		{4910F60F-F04D-4909-AB65-C8FC2E62493D}.Debug|ARM.ActiveCfg = Debug|Win32
		{4910F60F-F04D-4909-AB65-C8FC2E62493D}.Debug|x64.ActiveCfg = Debug|x64
		{4910F60F-F04D-4909-AB65-C8FC2E62493D}.Debug|x64.Build.0 = Debug|x64
		{4910F60F-F04D-4909-AB65-C8FC2E62493D}.Debug|x86.ActiveCfg = Debug|Win32
		{4910F60F-F04D-4909-AB65-C8FC2E62493D}.Debug|x86.Build.0 = Debug|Win32
		{4910F60F-F04D-4909-AB65-C8FC2E62493D}.Release|ARM.ActiveCfg = Release|Win32
		{4910F60F-F04D-4909-AB65-C8FC2E62493D}.Release|x64.ActiveCfg = Release|x64
		{4910F60F-F04D-4909-AB65-C8FC2E62493D}.Release|x64.Build.0 = Release|x64
		{4910F60F-F04D-4909-AB65-C8FC2E62493D}.Release|x86.ActiveCfg = Release|Win32
		{4910F60F-F04D-4909-AB65-C8FC2E62493D}.Release|x86.Build.0 = Release|Win32
		{1CF37B08-B6CF-4779-B03D-468F1F471774}.Debug|ARM.ActiveCfg = Debug|Win32
		{1CF37B08-B6CF-4779-B03D-468F1F471774}.Debug|x64.ActiveCfg = Debug|x64
		{1CF37B08-B6CF-4779-B03D-468F1F471774}.Debug|x64.Build.0 = Debug|x64
		{1CF37B08-B6CF-4779-B03D-468F1F471774}.Debug|x86.ActiveCfg = Debug|Win32
		{1CF37B08-B6CF-4779-B03D-468F1F471774}.Debug|x86.Build.0 = Debug|Win32
		{1CF37B08-B6CF-4779-B03D-468F1F471774}.Release|ARM.ActiveCfg = Release|Win32
		{1CF37B08-B6CF-4779-B03D-468F1F471774}.Release|x64.ActiveCfg = Release|x64
		{1CF37B08-B6CF-4779-B03D-468F1F471774}.Release|x64.Build.0 = Release|x64
		{1CF37B08-B6CF-4779-B03D-468F1F471774}.Release|x86.ActiveCfg = Release|Win32
		{1CF37B08-B6CF-4779-B03D-468F1F471774}.Release|x86.Build.0 = Release|Win32
		{B855C7B4-64B3-414F-ADE1-F7E0C52E42D1}.Debug|ARM.ActiveCfg = Debug|Win32
		{B855C7B4-64B3-414F-ADE1-F7E0C52E42D1}.Debug|x64.ActiveCfg = Debug|x64
		{B855C7B4-64B3-414F-ADE1-F7E0C52E42D1}.Debug|x64.Build.0 = Debug|x64
		{B855C7B4-64B3-414F-ADE1-F7E0C52E42D1}.Debug|x86.ActiveCfg = Debug|Win32
		{B855C7B4-64B3-414F-ADE1-F7E0C52E42D1}.Debug|x86.Build.0 = Debug|Win32
		{B855C7B4-64B3-414F-ADE1-F7E0C52E42D1}.Release|ARM.ActiveCfg = Release|Win32
		{B855C7B4-64B3-414F-ADE1-F7E0C52E42D1}.Release|x64.ActiveCfg = Release|x64
		{B855C7B4-64B3-414F-ADE1-F7E0C52E42D1}.Release|x64.Build.0 = Release|x64
		{B855C7B4-64B3-414F-ADE1-F7E0C52E42D1}.Release|x86.ActiveCfg = Release|Win32
		{B855C7B4-64B3-414F-ADE1-F7E0C52E42D1}.Release|x86.Build.0 = Release|Win32
		{F6941715-2EC5-4D9F-A94C-67E101378A12}.Debug|ARM.ActiveCfg = Debug|Win32
		{F6941715-2EC5-4D9F-A94C-67E101378A12}.Debug|x64.ActiveCfg = Debug|x64
		{F6941715-2EC5-4D9F-A94C-67E101378A12}.Debug|x64.Build.0 = Debug|x64
		{F6941715-2EC5-4D9F-A94C-67E101378A12}.Debug|x86.ActiveCfg = Debug|Win32
		{F6941715-2EC5-4D9F-A94C-67E101378A12}.Debug|x86.Build.0 = Debug|Win32
		{F6941715-2EC5-4D9F-A94C-67E101378A12}.Release|ARM.ActiveCfg = Release|Win32
		{F6941715-2EC5-4D9F-A94C-67E101378A12}.Release|x64.ActiveCfg = Release|x64
		{F6941715-2EC5-4D9F-A94C-67E101378A12}.Release|x64.Build.0 = Release|x64
		{F6941715-2EC5-4D9F-A94C-67E101378A12}.Release|x86.ActiveCfg = Release|Win32
		{F6941715-2EC5-4D9F-A94C-67E101378A12}.Release|x86.Build.0 = Release|Win32
		{B38BC637-2A37-4398-A825-45A894DF6A2E}.Debug|ARM.ActiveCfg = Debug|Win32
		{B38BC637-2A37-4398-A825-45A894DF6A2E}.Debug|x64.ActiveCfg = Debug|x64
		{B38BC637-2A37-4398-A825-45A894DF6A2E}.Debug|x64.Build.0 = Debug|x64
		{B38BC637-2A37-4398-A825-45A894DF6A2E}.Debug|x86.ActiveCfg = Debug|Win32
		{B38BC637-2A37-4398-A825-45A894DF6A2E}.Debug|x86.Build.0 = Debug|Win32
		{B38BC637-2A37-4398-A825-45A894DF6A2E}.Release|ARM.ActiveCfg = Release|Win32
		{B38BC637-2A37-4398-A825-45A894DF6A2E}.Release|x64.ActiveCfg = Release|x64
		{B38BC637-2A37-4398-A825-45A894DF6A2E}.Release|x64.Build.0 = Release|x64
		{B38BC637-2A37-4398-A825-45A894DF6A2E}.Release|x86.ActiveCfg = Release|Win32
		{B38BC637-2A37-4398-A825-45A894DF6A2E}.Release|x86.Build.0 = Release|Win32
		{8CD388D5-37DF-4C23-AC9F-3A2237619502}.Debug|ARM.ActiveCfg = Debug|Win32
		{8CD388D5-37DF-4C23-AC9F-3A2237619502}.Debug|x64.ActiveCfg = Debug|x64
		{8CD388D5-37DF-4C23-AC9F-3A2237619502}.Debug|x64.Build.0 = Debug|x64
		{8CD388D5-37DF-4C23-AC9F-3A2237619502}.Debug|x86.ActiveCfg = Debug|Win32
		{8CD388D5-37DF-4C23-AC9F-3A2237619502}.Debug|x86.Build.0 = Debug|Win32
		{8CD388D5-37DF-4C23-AC9F-3A2237619502}.Release|ARM.ActiveCfg = Release|Win32
		{8CD388D5-37DF-4C23-AC9F-3A2237619502}.Release|x64.ActiveCfg = Release|x64
		{8CD388D5-37DF-4C23-AC9F-3A2237619502}.Release|x64.Build.0 = Release|x64
		{8CD388D5-37DF-4C23-AC9F-3A2237619502}.Release|x86.ActiveCfg = Release|Win32
		{8CD388D5-37DF-4C23-AC9F-3A2237619502}.Release|x86.Build.0 = Release|Win32
		{EF48BB05-0049-4D69-8F12-CAB06C6F7E0A}.Debug|ARM.ActiveCfg = Debug|Win32
		{EF48BB05-0049-4D69-8F12-CAB06C6F7E0A}.Debug|x64.ActiveCfg = Debug|x64
		{EF48BB05-0049-4D69-8F12-CAB06C6F7E0A}.Debug|x64.Build.0 = Debug|x64
		{EF48BB05-0049-4D69-8F12-CAB06C6F7E0A}.Debug|x86.ActiveCfg = Debug|Win32
		{EF48BB05-0049-4D69-8F12-CAB06C6F7E0A}.Debug|x86.Build.0 = Debug|Win32
		{EF48BB05-0049-4D69-8F12-CAB06C6F7E0A}.Release|ARM.ActiveCfg = Release|Win32
		{EF48BB05-0049-4D69-8F12-CAB06C6F7E0A}.Release|x64.ActiveCfg = Release|x64
		{EF48BB05-0049-4D69-8F12-CAB06C6F7E0A}.Release|x64.Build.0 = Release|x64
		{EF48BB05-0049-4D69-8F12-CAB06C6F7E0A}.Release|x86.ActiveCfg = Release|Win32
		{EF48BB05-0049-4D69-8F12-CAB06C6F7E0A}.Release|x86.Build.0 = Release|Win32
	EndGlobalSection
	GlobalSection(SolutionProperties) = preSolution
		HideSolutionNode = FALSE
	EndGlobalSection
	GlobalSection(NestedProjects) = preSolution
		{31C7389E-6C30-42BF-B622-351002434DE0} = {427A9A52-4745-4DC4-80A4-CDBAEE3A3173}
		{D84A8B17-513F-49A6-BCD2-865AF9409087} = {53754536-7A02-461A-9EBD-01A1EA5DC874}
		{639E68E0-6273-4807-A5C8-A5C5A139FF36} = {D046BCDC-E223-4F6E-AAAC-32614637160E}
		{91862435-7B8C-4E59-94E4-93CA2EA4AE33} = {D455D87B-ED30-4CB2-8FAF-98CE9019BB92}
		{3AE1F63E-7467-495F-94C8-25F0C61C5CB0} = {D4FA58EF-8CFE-40E6-A777-259016E0B9E5}
		{4910F60F-F04D-4909-AB65-C8FC2E62493D} = {A4C18D9E-419A-47E2-8DD7-A46C8145B254}
		{1CF37B08-B6CF-4779-B03D-468F1F471774} = {EEF29CFB-D7EC-4F26-9543-ABF2CD9B1D31}
		{B855C7B4-64B3-414F-ADE1-F7E0C52E42D1} = {1DD82589-B4AA-4C05-B7F1-84BACD10FB93}
		{F6941715-2EC5-4D9F-A94C-67E101378A12} = {DD391CB0-C6E6-4A7A-BAAD-0105318F0BBF}
		{B38BC637-2A37-4398-A825-45A894DF6A2E} = {2D373AD2-3132-4350-9C36-9C11B2664D79}
		{8CD388D5-37DF-4C23-AC9F-3A2237619502} = {2449C22A-3D21-4610-A7E0-684FA36A14F3}
		{EF48BB05-0049-4D69-8F12-CAB06C6F7E0A} = {A6BF8678-FED5-4632-A69A-22A8F5B69B71}
	EndGlobalSection
EndGlobal
