<?xml version="1.0" encoding="utf-8"?>
<Project ToolsVersion="4.0" xmlns="http://schemas.microsoft.com/developer/msbuild/2003">
  <ItemGroup>
    <Filter Include="include">
      <UniqueIdentifier>{93995380-89BD-4b04-88EB-625FBE52EBFB}</UniqueIdentifier>
      <Extensions>h;hh;hpp;hxx;hm;inl;inc;xsd</Extensions>
    </Filter>
    <Filter Include="resource">
      <UniqueIdentifier>{67DA6AB6-F800-4c08-8B7A-83BB121AAD01}</UniqueIdentifier>
      <Extensions>rc;ico;cur;bmp;dlg;rc2;rct;bin;rgs;gif;jpg;jpeg;jpe;resx;tiff;tif;png;wav;mfcribbon-ms</Extensions>
    </Filter>
    <Filter Include="src">
      <UniqueIdentifier>{4FC737F1-C7A5-4376-A066-2A32D752A2FF}</UniqueIdentifier>
      <Extensions>cpp;c;cc;cxx;def;odl;idl;hpj;bat;asm;asmx</Extensions>
    </Filter>
    <Filter Include="include_common">
      <UniqueIdentifier>{b7a20539-10d8-459a-9ea2-0c5b6477a2ef}</UniqueIdentifier>
    </Filter>
    <Filter Include="python">
      <UniqueIdentifier>{fcf44b00-4966-4e0e-80be-e29b1305dec6}</UniqueIdentifier>
    </Filter>
  </ItemGroup>
  <ItemGroup>
    <ClInclude Include="..\Common\AefxDevPatch.hpp">
      <Filter>include_common</Filter>
    </ClInclude>
    <ClInclude Include="..\Common\AlignedAllocator.hpp">
      <Filter>include_common</Filter>
    </ClInclude>
    <ClInclude Include="..\Common\ClassRestrictions.hpp">
      <Filter>include_common</Filter>
    </ClInclude>
    <ClInclude Include="..\Common\ColorTransform.hpp">
      <Filter>include_common</Filter>
    </ClInclude>
    <ClInclude Include="..\Common\ColorTransformMatrix.hpp">
      <Filter>include_common</Filter>
    </ClInclude>
    <ClInclude Include="..\Common\Common.hpp">
      <Filter>include_common</Filter>
    </ClInclude>
    <ClInclude Include="..\Common\CommonAdobeAE.hpp">
      <Filter>include_common</Filter>
    </ClInclude>
    <ClInclude Include="..\Common\CommonAuxPixFormat.hpp">
      <Filter>include_common</Filter>
    </ClInclude>
    <ClInclude Include="..\Common\CommonBitsOperations.hpp">
      <Filter>include_common</Filter>
    </ClInclude>
    <ClInclude Include="..\Common\CommonColorTemperature.hpp">
      <Filter>include_common</Filter>
    </ClInclude>
    <ClInclude Include="..\Common\CommonDebugUtils.hpp">
      <Filter>include_common</Filter>
    </ClInclude>
    <ClInclude Include="..\Common\CommonPixFormat.hpp">
      <Filter>include_common</Filter>
    </ClInclude>
    <ClInclude Include="..\Common\CommonPixFormatSFINAE.hpp">
      <Filter>include_common</Filter>
    </ClInclude>
    <ClInclude Include="..\Common\CommonSmartRender.hpp">
      <Filter>include_common</Filter>
    </ClInclude>
    <ClInclude Include="..\Common\CommonTypeTraits.hpp">
      <Filter>include_common</Filter>
    </ClInclude>
    <ClInclude Include="..\Common\CompileTimeUtils.hpp">
      <Filter>include_common</Filter>
    </ClInclude>
    <ClInclude Include="..\Common\FastAriphmetics.hpp">
      <Filter>include_common</Filter>
    </ClInclude>
    <ClInclude Include="..\Common\FastAriphmeticsAVX.hpp">
      <Filter>include_common</Filter>
    </ClInclude>
    <ClInclude Include="..\Common\ImageLabCUDA.hpp">
      <Filter>include_common</Filter>
    </ClInclude>
    <ClInclude Include="..\Common\LibExport.hpp">
      <Filter>include_common</Filter>
    </ClInclude>
    <ClInclude Include="..\Common\Param_Utils.h">
      <Filter>include_common</Filter>
    </ClInclude>
    <ClInclude Include="include\FilmSimulation.hpp">
      <Filter>include</Filter>
    </ClInclude>
    <ClInclude Include="include\FilmSimulationEnum.hpp">
      <Filter>include</Filter>
    </ClInclude>
    <ClInclude Include="include\film_profiles.hpp">
      <Filter>include</Filter>
    </ClInclude>
  </ItemGroup>
  <ItemGroup>
    <ClCompile Include="src\FilmSimulation.cpp">
      <Filter>src</Filter>
    </ClCompile>
    <ClCompile Include="src\FilmSimulationAE.cpp">
      <Filter>src</Filter>
    </ClCompile>
    <ClCompile Include="src\FilmSimulationPR.cpp">
      <Filter>src</Filter>
    </ClCompile>
    <ClCompile Include="src\FilmSimulationSR.cpp">
      <Filter>src</Filter>
    </ClCompile>
    <ClCompile Include="src\film_profiles.cpp">
      <Filter>src</Filter>
    </ClCompile>
  </ItemGroup>
  <ItemGroup>
    <ResourceCompile Include="FilmSimulation.rc">
      <Filter>resource</Filter>
    </ResourceCompile>
  </ItemGroup>
  <ItemGroup>
    <CustomBuild Include="FilmSimulation.r">
      <Filter>resource</Filter>
    </CustomBuild>
  </ItemGroup>
  <ItemGroup>
    <None Include="python\cpp_codegen.py">
      <Filter>python</Filter>
    </None>
    <None Include="python\film_profiles.py">
      <Filter>python</Filter>
    </None>
    <None Include="python\film_sim.py">
      <Filter>python</Filter>
    </None>
    <None Include="python\make_period_chart.py">
      <Filter>python</Filter>
    </None>
    <None Include="python\make_test_chart.py">
      <Filter>python</Filter>
    </None>
    <None Include="python\README.md">
      <Filter>python</Filter>
    </None>
    <None Include="python\run.cmd">
      <Filter>python</Filter>
    </None>
    <None Include="python\sheet.py">
      <Filter>python</Filter>
    </None>
    <None Include="python\verify.py">
      <Filter>python</Filter>
    </None>
    <None Include="python\sort_profiles.py">
      <Filter>python</Filter>
    </None>
  </ItemGroup>
  <ItemGroup>
    <Text Include="python\Readme!.txt">
      <Filter>python</Filter>
    </Text>
  </ItemGroup>
</Project>