<?xml version="1.0" encoding="utf-8"?>
<Project ToolsVersion="4.0" xmlns="http://schemas.microsoft.com/developer/msbuild/2003">
  <ItemGroup>
    <Filter Include="include">
      <UniqueIdentifier>{93995380-89BD-4b04-88EB-625FBE52EBFB}</UniqueIdentifier>
      <Extensions>h;hh;hpp;hxx;hm;inl;inc;xsd</Extensions>
    </Filter>
    <Filter Include="resource">
      <UniqueIdentifier>{67DA6AB6-F800-4c08-8B7A-83BB121AAD01}</UniqueIdentifier>
      <Extensions>rc;ico;cur;bmp;dlg;rc2;rct;bin;rgs;gif;jpg;jpeg;jpe;resx;tiff;tif;png;wav;mfcribbon-ms</Extensions>
    </Filter>
    <Filter Include="src">
      <UniqueIdentifier>{4FC737F1-C7A5-4376-A066-2A32D752A2FF}</UniqueIdentifier>
      <Extensions>cpp;c;cc;cxx;def;odl;idl;hpj;bat;asm;asmx</Extensions>
    </Filter>
    <Filter Include="include_common">
      <UniqueIdentifier>{b7a20539-10d8-459a-9ea2-0c5b6477a2ef}</UniqueIdentifier>
    </Filter>
    <Filter Include="python">
      <UniqueIdentifier>{fcf44b00-4966-4e0e-80be-e29b1305dec6}</UniqueIdentifier>
    </Filter>
    <Filter Include="python\profiles_generator">
      <UniqueIdentifier>{3885724c-b99f-4d32-ab19-e983828461f3}</UniqueIdentifier>
    </Filter>
    <Filter Include="python\old_films_analyzing">
      <UniqueIdentifier>{cab7ce8a-9303-4d53-bf80-a13e32f37eae}</UniqueIdentifier>
    </Filter>
  </ItemGroup>
  <ItemGroup>
    <ClInclude Include="..\Common\AefxDevPatch.hpp">
      <Filter>include_common</Filter>
    </ClInclude>
    <ClInclude Include="..\Common\AlignedAllocator.hpp">
      <Filter>include_common</Filter>
    </ClInclude>
    <ClInclude Include="..\Common\ClassRestrictions.hpp">
      <Filter>include_common</Filter>
    </ClInclude>
    <ClInclude Include="..\Common\ColorTransform.hpp">
      <Filter>include_common</Filter>
    </ClInclude>
    <ClInclude Include="..\Common\ColorTransformMatrix.hpp">
      <Filter>include_common</Filter>
    </ClInclude>
    <ClInclude Include="..\Common\Common.hpp">
      <Filter>include_common</Filter>
    </ClInclude>
    <ClInclude Include="..\Common\CommonAdobeAE.hpp">
      <Filter>include_common</Filter>
    </ClInclude>
    <ClInclude Include="..\Common\CommonAuxPixFormat.hpp">
      <Filter>include_common</Filter>
    </ClInclude>
    <ClInclude Include="..\Common\CommonBitsOperations.hpp">
      <Filter>include_common</Filter>
    </ClInclude>
    <ClInclude Include="..\Common\CommonColorTemperature.hpp">
      <Filter>include_common</Filter>
    </ClInclude>
    <ClInclude Include="..\Common\CommonDebugUtils.hpp">
      <Filter>include_common</Filter>
    </ClInclude>
    <ClInclude Include="..\Common\CommonPixFormat.hpp">
      <Filter>include_common</Filter>
    </ClInclude>
    <ClInclude Include="..\Common\CommonPixFormatSFINAE.hpp">
      <Filter>include_common</Filter>
    </ClInclude>
    <ClInclude Include="..\Common\CommonSmartRender.hpp">
      <Filter>include_common</Filter>
    </ClInclude>
    <ClInclude Include="..\Common\CommonTypeTraits.hpp">
      <Filter>include_common</Filter>
    </ClInclude>
    <ClInclude Include="..\Common\CompileTimeUtils.hpp">
      <Filter>include_common</Filter>
    </ClInclude>
    <ClInclude Include="..\Common\FastAriphmetics.hpp">
      <Filter>include_common</Filter>
    </ClInclude>
    <ClInclude Include="..\Common\FastAriphmeticsAVX.hpp">
      <Filter>include_common</Filter>
    </ClInclude>
    <ClInclude Include="..\Common\ImageLabCUDA.hpp">
      <Filter>include_common</Filter>
    </ClInclude>
    <ClInclude Include="..\Common\LibExport.hpp">
      <Filter>include_common</Filter>
    </ClInclude>
    <ClInclude Include="..\Common\Param_Utils.h">
      <Filter>include_common</Filter>
    </ClInclude>
    <ClInclude Include="include\FilmSimulation.hpp">
      <Filter>include</Filter>
    </ClInclude>
    <ClInclude Include="include\AlgorithmMain.hpp">
      <Filter>include</Filter>
    </ClInclude>
    <ClInclude Include="include\AlgoControl.hpp">
      <Filter>include</Filter>
    </ClInclude>
    <ClInclude Include="include\AlgoMemHandler.hpp">
      <Filter>include</Filter>
    </ClInclude>
    <ClInclude Include="include\AlgoTypes.hpp">
      <Filter>include</Filter>
    </ClInclude>
    <ClInclude Include="include\AlgoControlValues.hpp">
      <Filter>include</Filter>
    </ClInclude>
    <ClInclude Include="include\AlgoControlEnums.hpp">
      <Filter>include</Filter>
    </ClInclude>
    <ClInclude Include="include\ImageLabMemInterface.hpp">
      <Filter>include</Filter>
    </ClInclude>
    <ClInclude Include="include\AlgoCharacteristicCurve.hpp">
      <Filter>include</Filter>
    </ClInclude>
    <ClInclude Include="include\AlgoCoatingField.hpp">
      <Filter>include</Filter>
    </ClInclude>
    <ClInclude Include="include\AlgoCornerDefocus.hpp">
      <Filter>include</Filter>
    </ClInclude>
    <ClInclude Include="include\AlgoCounterRng.hpp">
      <Filter>include</Filter>
    </ClInclude>
    <ClInclude Include="include\AlgoDefectField.hpp">
      <Filter>include</Filter>
    </ClInclude>
    <ClInclude Include="include\AlgoDirCoupler.hpp">
      <Filter>include</Filter>
    </ClInclude>
    <ClInclude Include="include\AlgoDuplication.hpp">
      <Filter>include</Filter>
    </ClInclude>
    <ClInclude Include="include\AlgoDyeImpurity.hpp">
      <Filter>include</Filter>
    </ClInclude>
    <ClInclude Include="include\AlgoEdgeFog.hpp">
      <Filter>include</Filter>
    </ClInclude>
    <ClInclude Include="include\AlgoEmulsionMtf.hpp">
      <Filter>include</Filter>
    </ClInclude>
    <ClInclude Include="include\AlgoEmulsionRecord.hpp">
      <Filter>include</Filter>
    </ClInclude>
    <ClInclude Include="include\AlgoFilmCoord.hpp">
      <Filter>include</Filter>
    </ClInclude>
    <ClInclude Include="include\AlgoFinalClamp.hpp">
      <Filter>include</Filter>
    </ClInclude>
    <ClInclude Include="include\AlgoGateDefects.hpp">
      <Filter>include</Filter>
    </ClInclude>
    <ClInclude Include="include\AlgoGateWeave.hpp">
      <Filter>include</Filter>
    </ClInclude>
    <ClInclude Include="include\AlgoGrain.hpp">
      <Filter>include</Filter>
    </ClInclude>
    <ClInclude Include="include\AlgoHalation.hpp">
      <Filter>include</Filter>
    </ClInclude>
    <ClInclude Include="include\AlgoInterimage.hpp">
      <Filter>include</Filter>
    </ClInclude>
    <ClInclude Include="include\AlgoNegativeDefects.hpp">
      <Filter>include</Filter>
    </ClInclude>
    <ClInclude Include="include\AlgoRelativeExposure.hpp">
      <Filter>include</Filter>
    </ClInclude>
    <ClInclude Include="include\AlgoReseauReconstruct.hpp">
      <Filter>include</Filter>
    </ClInclude>
    <ClInclude Include="include\AlgoScanMtf.hpp">
      <Filter>include</Filter>
    </ClInclude>
    <ClInclude Include="include\AlgoSeparableBlur.hpp">
      <Filter>include</Filter>
    </ClInclude>
    <ClInclude Include="include\AlgoSilverTone.hpp">
      <Filter>include</Filter>
    </ClInclude>
    <ClInclude Include="include\AlgoStockColourBalance.hpp">
      <Filter>include</Filter>
    </ClInclude>
    <ClInclude Include="include\AlgoTakingFilters.hpp">
      <Filter>include</Filter>
    </ClInclude>
    <ClInclude Include="include\AlgoTemporalFlicker.hpp">
      <Filter>include</Filter>
    </ClInclude>
    <ClInclude Include="include\AlgoTransmittance.hpp">
      <Filter>include</Filter>
    </ClInclude>
    <ClInclude Include="include\AlgoVeilingFlare.hpp">
      <Filter>include</Filter>
    </ClInclude>
    <ClInclude Include="include\AlgoSpectralSensitivity.hpp">
      <Filter>include</Filter>
    </ClInclude>
    <ClInclude Include="include\film_enum.hpp">
      <Filter>include</Filter>
    </ClInclude>
    <ClInclude Include="include\film_profiles.hpp">
      <Filter>include</Filter>
    </ClInclude>
    <ClInclude Include="include\film_profiles_detail.hpp">
      <Filter>include</Filter>
    </ClInclude>
    <ClInclude Include="include\LoadFilmDataBase.h">
      <Filter>include</Filter>
    </ClInclude>
    <ClInclude Include="include\AlgoCallier.hpp">
      <Filter>include</Filter>
    </ClInclude>
    <ClInclude Include="include\AlgoReciprocity.hpp">
      <Filter>include</Filter>
    </ClInclude>
    <ClInclude Include="include\AlgoEgressAVX2.hpp">
      <Filter>include</Filter>
    </ClInclude>
    <ClInclude Include="include\AlgoIngestAVX2.hpp">
      <Filter>include</Filter>
    </ClInclude>
    <ClInclude Include="include\AlgoPrFormatAVX2.hpp">
      <Filter>include</Filter>
    </ClInclude>
    <ClInclude Include="include\AlgoPrFormatEgress.hpp">
      <Filter>include</Filter>
    </ClInclude>
    <ClInclude Include="include\AlgoPrFormatIngest.hpp">
      <Filter>include</Filter>
    </ClInclude>
    <ClInclude Include="include\AlgoPrFormatMath.hpp">
      <Filter>include</Filter>
    </ClInclude>
  </ItemGroup>
  <ItemGroup>
    <ClCompile Include="src\FilmSimulation.cpp">
      <Filter>src</Filter>
    </ClCompile>
    <ClCompile Include="src\FilmSimulationAE.cpp">
      <Filter>src</Filter>
    </ClCompile>
    <ClCompile Include="src\FilmSimulationPR.cpp">
      <Filter>src</Filter>
    </ClCompile>
    <ClCompile Include="src\FilmSimulationSR.cpp">
      <Filter>src</Filter>
    </ClCompile>
    <ClCompile Include="src\AlgorithmMain.cpp">
      <Filter>src</Filter>
    </ClCompile>
    <ClCompile Include="src\AlgoControl.cpp">
      <Filter>src</Filter>
    </ClCompile>
    <ClCompile Include="src\ImageLabMemInterface.cpp">
      <Filter>src</Filter>
    </ClCompile>
    <ClCompile Include="src\FilmSimulationGUI.cpp">
      <Filter>src</Filter>
    </ClCompile>
    <ClCompile Include="src\AlgoMemHandler.cpp">
      <Filter>src</Filter>
    </ClCompile>
    <ClCompile Include="src\Algo_02_Sim.cpp">
      <Filter>src</Filter>
    </ClCompile>
    <ClCompile Include="src\Algo_03_Sim.cpp">
      <Filter>src</Filter>
    </ClCompile>
    <ClCompile Include="src\Algo_04_Sim.cpp">
      <Filter>src</Filter>
    </ClCompile>
    <ClCompile Include="src\Algo_05_Sim.cpp">
      <Filter>src</Filter>
    </ClCompile>
    <ClCompile Include="src\Algo_06_Sim.cpp">
      <Filter>src</Filter>
    </ClCompile>
    <ClCompile Include="src\Algo_07_Sim.cpp">
      <Filter>src</Filter>
    </ClCompile>
    <ClCompile Include="src\Algo_08_Sim.cpp">
      <Filter>src</Filter>
    </ClCompile>
    <ClCompile Include="src\Algo_09_Sim.cpp">
      <Filter>src</Filter>
    </ClCompile>
    <ClCompile Include="src\Algo_10_Sim.cpp">
      <Filter>src</Filter>
    </ClCompile>
    <ClCompile Include="src\Algo_11_Sim.cpp">
      <Filter>src</Filter>
    </ClCompile>
    <ClCompile Include="src\Algo_12_Sim.cpp">
      <Filter>src</Filter>
    </ClCompile>
    <ClCompile Include="src\Algo_13_Sim.cpp">
      <Filter>src</Filter>
    </ClCompile>
    <ClCompile Include="src\Algo_14_Sim.cpp">
      <Filter>src</Filter>
    </ClCompile>
    <ClCompile Include="src\Algo_15_Sim.cpp">
      <Filter>src</Filter>
    </ClCompile>
    <ClCompile Include="src\Algo_16_Sim.cpp">
      <Filter>src</Filter>
    </ClCompile>
    <ClCompile Include="src\Algo_17_Sim.cpp">
      <Filter>src</Filter>
    </ClCompile>
    <ClCompile Include="src\AlgoDefectField.cpp">
      <Filter>src</Filter>
    </ClCompile>
    <ClCompile Include="src\AlgoSeparableBlur.cpp">
      <Filter>src</Filter>
    </ClCompile>
    <ClCompile Include="src\FilmSimulationControlPanel.cpp">
      <Filter>src</Filter>
    </ClCompile>
    <ClCompile Include="src\AlgoSpectralSensitivity.cpp">
      <Filter>src</Filter>
    </ClCompile>
    <ClCompile Include="src\film_profiles.cpp">
      <Filter>src</Filter>
    </ClCompile>
    <ClCompile Include="src\film_profiles_data_01.cpp">
      <Filter>src</Filter>
    </ClCompile>
    <ClCompile Include="src\film_profiles_data_02.cpp">
      <Filter>src</Filter>
    </ClCompile>
    <ClCompile Include="src\film_profiles_data_03.cpp">
      <Filter>src</Filter>
    </ClCompile>
    <ClCompile Include="src\film_profiles_data_04.cpp">
      <Filter>src</Filter>
    </ClCompile>
    <ClCompile Include="src\film_profiles_data_05.cpp">
      <Filter>src</Filter>
    </ClCompile>
    <ClCompile Include="src\film_profiles_data_06.cpp">
      <Filter>src</Filter>
    </ClCompile>
    <ClCompile Include="src\film_profiles_data_07.cpp">
      <Filter>src</Filter>
    </ClCompile>
    <ClCompile Include="src\film_profiles_data_08.cpp">
      <Filter>src</Filter>
    </ClCompile>
    <ClCompile Include="src\film_profiles_data_09.cpp">
      <Filter>src</Filter>
    </ClCompile>
    <ClCompile Include="src\film_profiles_data_10.cpp">
      <Filter>src</Filter>
    </ClCompile>
    <ClCompile Include="src\film_profiles_data_11.cpp">
      <Filter>src</Filter>
    </ClCompile>
    <ClCompile Include="src\film_profiles_data_12.cpp">
      <Filter>src</Filter>
    </ClCompile>
    <ClCompile Include="src\film_profiles_data_13.cpp">
      <Filter>src</Filter>
    </ClCompile>
    <ClCompile Include="src\film_profiles_data_14.cpp">
      <Filter>src</Filter>
    </ClCompile>
    <ClCompile Include="src\film_profiles_data_15.cpp">
      <Filter>src</Filter>
    </ClCompile>
    <ClCompile Include="src\film_profiles_data_16.cpp">
      <Filter>src</Filter>
    </ClCompile>
    <ClCompile Include="src\LoadFilmDataBase.cpp">
      <Filter>src</Filter>
    </ClCompile>
  </ItemGroup>
  <ItemGroup>
    <ResourceCompile Include="FilmSimulation.rc">
      <Filter>resource</Filter>
    </ResourceCompile>
  </ItemGroup>
  <ItemGroup>
    <CustomBuild Include="FilmSimulation.r">
      <Filter>resource</Filter>
    </CustomBuild>
  </ItemGroup>
  <ItemGroup>
    <None Include="python\profiles_generator\cpp_codegen.py">
      <Filter>python\profiles_generator</Filter>
    </None>
    <None Include="python\profiles_generator\film_profiles.py">
      <Filter>python\profiles_generator</Filter>
    </None>
    <None Include="python\profiles_generator\film_sim.py">
      <Filter>python\profiles_generator</Filter>
    </None>
    <None Include="python\profiles_generator\gen_ref.py">
      <Filter>python\profiles_generator</Filter>
    </None>
    <None Include="python\profiles_generator\make_period_chart.py">
      <Filter>python\profiles_generator</Filter>
    </None>
    <None Include="python\profiles_generator\make_test_chart.py">
      <Filter>python\profiles_generator</Filter>
    </None>
    <None Include="python\profiles_generator\README.md">
      <Filter>python\profiles_generator</Filter>
    </None>
    <None Include="python\profiles_generator\run.cmd">
      <Filter>python\profiles_generator</Filter>
    </None>
    <None Include="python\profiles_generator\sheet.py">
      <Filter>python\profiles_generator</Filter>
    </None>
    <None Include="python\profiles_generator\sort_profiles.py">
      <Filter>python\profiles_generator</Filter>
    </None>
    <None Include="python\profiles_generator\verify.py">
      <Filter>python\profiles_generator</Filter>
    </None>
    <None Include="python\old_films_analyzing\analyze_film_scans.py">
      <Filter>python\old_films_analyzing</Filter>
    </None>
    <None Include="python\profiles_generator\digitize_plot.py">
      <Filter>python\profiles_generator</Filter>
    </None>
    <None Include="python\profiles_generator\empirical_import.py">
      <Filter>python\profiles_generator</Filter>
    </None>
    <None Include="python\profiles_generator\gen_active_profiles.py">
      <Filter>python\profiles_generator</Filter>
    </None>
    <None Include="python\profiles_generator\gen_film_curves_md.py">
      <Filter>python\profiles_generator</Filter>
    </None>
    <None Include="python\profiles_generator\gen_film_names.py">
      <Filter>python\profiles_generator</Filter>
    </None>
    <None Include="python\profiles_generator\iso5_3_density.py">
      <Filter>python\profiles_generator</Filter>
    </None>
    <None Include="python\old_films_analyzing\README_v21.md">
      <Filter>python\old_films_analyzing</Filter>
    </None>
    <None Include="python\profiles_generator\build.py">
      <Filter>python\profiles_generator</Filter>
    </None>
    <None Include="python\profiles_generator\dashtrace.py">
      <Filter>python\profiles_generator</Filter>
    </None>
    <None Include="python\profiles_generator\dye_density.py">
      <Filter>python\profiles_generator</Filter>
    </None>
    <None Include="python\profiles_generator\mees_granularity.py">
      <Filter>python\profiles_generator</Filter>
    </None>
    <None Include="python\profiles_generator\plot_inventory.py">
      <Filter>python\profiles_generator</Filter>
    </None>
    <None Include="python\profiles_generator\render.cmd">
      <Filter>python\profiles_generator</Filter>
    </None>
    <None Include="python\profiles_generator\vision3_granularity.py">
      <Filter>python\profiles_generator</Filter>
    </None>
    <None Include="python\profiles_generator\agfa_vista.py">
      <Filter>python\profiles_generator</Filter>
    </None>
    <None Include="python\profiles_generator\cpp_parity.py">
      <Filter>python\profiles_generator</Filter>
    </None>
    <None Include="python\profiles_generator\gevaert_curves.py">
      <Filter>python\profiles_generator</Filter>
    </None>
    <None Include="python\profiles_generator\granularity_vector.py">
      <Filter>python\profiles_generator</Filter>
    </None>
    <None Include="python\profiles_generator\interimage_parity.py">
      <Filter>python\profiles_generator</Filter>
    </None>
    <None Include="python\profiles_generator\kodak_sensitometry.py">
      <Filter>python\profiles_generator</Filter>
    </None>
    <None Include="python\profiles_generator\mtf_vector.py">
      <Filter>python\profiles_generator</Filter>
    </None>
    <None Include="python\profiles_generator\spectral_vector.py">
      <Filter>python\profiles_generator</Filter>
    </None>
  </ItemGroup>
  <ItemGroup>
    <Text Include="python\profiles_generator\Readme!.txt">
      <Filter>python\profiles_generator</Filter>
    </Text>
    <Text Include="include\film_names.txt">
      <Filter>include</Filter>
    </Text>
  </ItemGroup>
</Project>