<?xml version="1.0" encoding="utf-8"?>
<Project ToolsVersion="4.0" xmlns="http://schemas.microsoft.com/developer/msbuild/2003">
  <ItemGroup>
    <Filter Include="src">
      <UniqueIdentifier>{4FC737F1-C7A5-4376-A066-2A32D752A2FF}</UniqueIdentifier>
      <Extensions>cpp;c;cc;cxx;def;odl;idl;hpj;bat;asm;asmx</Extensions>
    </Filter>
    <Filter Include="include">
      <UniqueIdentifier>{93995380-89BD-4b04-88EB-625FBE52EBFB}</UniqueIdentifier>
      <Extensions>h;hh;hpp;hxx;hm;inl;inc;xsd</Extensions>
    </Filter>
    <Filter Include="resource">
      <UniqueIdentifier>{67DA6AB6-F800-4c08-8B7A-83BB121AAD01}</UniqueIdentifier>
      <Extensions>rc;ico;cur;bmp;dlg;rc2;rct;bin;rgs;gif;jpg;jpeg;jpe;resx;tiff;tif;png;wav;mfcribbon-ms</Extensions>
    </Filter>
    <Filter Include="include_common">
      <UniqueIdentifier>{5fd165fa-92a3-4e13-8216-08ac65931707}</UniqueIdentifier>
    </Filter>
    <Filter Include="src\Avx2Median">
      <UniqueIdentifier>{e8cae473-ebcf-49f4-855d-addc3d0c5102}</UniqueIdentifier>
    </Filter>
    <Filter Include="src\Avx2ColorConvert">
      <UniqueIdentifier>{2894f3f6-1856-47bd-83c4-a5454f96d5f2}</UniqueIdentifier>
    </Filter>
    <Filter Include="src\Avx2Histogram">
      <UniqueIdentifier>{fe5c21ee-1c4a-473b-9395-501d03e97c95}</UniqueIdentifier>
    </Filter>
    <Filter Include="src\Avx2Morphology">
      <UniqueIdentifier>{79970614-878a-4ee4-ac9a-d1eece9d1632}</UniqueIdentifier>
    </Filter>
  </ItemGroup>
  <ItemGroup>
    <ClInclude Include="..\Common\ClassRestrictions.hpp">
      <Filter>include_common</Filter>
    </ClInclude>
    <ClInclude Include="..\Common\ColorTransformMatrix.hpp">
      <Filter>include_common</Filter>
    </ClInclude>
    <ClInclude Include="..\Common\Common.hpp">
      <Filter>include_common</Filter>
    </ClInclude>
    <ClInclude Include="..\Common\CommonAdobeAE.hpp">
      <Filter>include_common</Filter>
    </ClInclude>
    <ClInclude Include="..\Common\CommonDebugUtils.hpp">
      <Filter>include_common</Filter>
    </ClInclude>
    <ClInclude Include="..\Common\CommonPixFormat.hpp">
      <Filter>include_common</Filter>
    </ClInclude>
    <ClInclude Include="..\Common\CompileTimeUtils.hpp">
      <Filter>include_common</Filter>
    </ClInclude>
    <ClInclude Include="..\Common\FastAriphmetics.hpp">
      <Filter>include_common</Filter>
    </ClInclude>
    <ClInclude Include="..\Common\ImageLabCUDA.hpp">
      <Filter>include_common</Filter>
    </ClInclude>
    <ClInclude Include="..\Common\Param_Utils.h">
      <Filter>include_common</Filter>
    </ClInclude>
    <ClInclude Include="include\Avx2ProcLib.hpp">
      <Filter>include</Filter>
    </ClInclude>
    <ClInclude Include="include\Avx2Histogram.hpp">
      <Filter>include</Filter>
    </ClInclude>
    <ClInclude Include="include\Avx2Median.hpp">
      <Filter>include</Filter>
    </ClInclude>
    <ClInclude Include="include\Avx2Log.hpp">
      <Filter>include</Filter>
    </ClInclude>
    <ClInclude Include="include\Avx2ColorConvert.hpp">
      <Filter>include</Filter>
    </ClInclude>
    <ClInclude Include="src\Avx2Median\Avx2MedianInternal.hpp">
      <Filter>src\Avx2Median</Filter>
    </ClInclude>
    <ClInclude Include="src\Avx2Median\Avx2MedianScalar.hpp">
      <Filter>src\Avx2Median</Filter>
    </ClInclude>
    <ClInclude Include="include\Avx2BitonicSort.hpp">
      <Filter>include</Filter>
    </ClInclude>
    <ClInclude Include="include\Avx2Morphology.hpp">
      <Filter>include</Filter>
    </ClInclude>
    <ClInclude Include="include\Avx2Array.hpp">
      <Filter>include</Filter>
    </ClInclude>
  </ItemGroup>
  <ItemGroup>
    <ClCompile Include="src\Avx2ColorConvert\Avx2ColorConvert.cpp">
      <Filter>src\Avx2ColorConvert</Filter>
    </ClCompile>
    <ClCompile Include="src\Avx2Histogram\Avx2Histogram.cpp">
      <Filter>src\Avx2Histogram</Filter>
    </ClCompile>
    <ClCompile Include="src\Avx2Median\Avx2Median_3x3_BGRA4444_8u.cpp">
      <Filter>src\Avx2Median</Filter>
    </ClCompile>
    <ClCompile Include="src\Avx2Median\Avx2Median_5x5_BGRA4444_8u.cpp">
      <Filter>src\Avx2Median</Filter>
    </ClCompile>
    <ClCompile Include="src\Avx2Median\Avx2Median_7x7_BGRA4444_8u.cpp">
      <Filter>src\Avx2Median</Filter>
    </ClCompile>
    <ClCompile Include="src\Avx2Morphology\Avx2Erode.cpp">
      <Filter>src\Avx2Morphology</Filter>
    </ClCompile>
    <ClCompile Include="src\Avx2Morphology\Avx2Close.cpp">
      <Filter>src\Avx2Morphology</Filter>
    </ClCompile>
    <ClCompile Include="src\Avx2Morphology\Avx2Dilate.cpp">
      <Filter>src\Avx2Morphology</Filter>
    </ClCompile>
    <ClCompile Include="src\Avx2Morphology\Avx2Open.cpp">
      <Filter>src\Avx2Morphology</Filter>
    </ClCompile>
  </ItemGroup>
</Project>