<?xml version="1.0" encoding="utf-8"?>
<Project ToolsVersion="4.0" xmlns="http://schemas.microsoft.com/developer/msbuild/2003">
  <ItemGroup>
    <Filter Include="src">
      <UniqueIdentifier>{4FC737F1-C7A5-4376-A066-2A32D752A2FF}</UniqueIdentifier>
      <Extensions>cpp;c;cc;cxx;def;odl;idl;hpj;bat;asm;asmx</Extensions>
    </Filter>
    <Filter Include="resource">
      <UniqueIdentifier>{67DA6AB6-F800-4c08-8B7A-83BB121AAD01}</UniqueIdentifier>
      <Extensions>rc;ico;cur;bmp;dlg;rc2;rct;bin;rgs;gif;jpg;jpeg;jpe;resx;tiff;tif;png;wav;mfcribbon-ms</Extensions>
    </Filter>
    <Filter Include="include">
      <UniqueIdentifier>{93995380-89BD-4b04-88EB-625FBE52EBFB}</UniqueIdentifier>
      <Extensions>h;hh;hpp;hxx;hm;inl;inc;xsd</Extensions>
    </Filter>
    <Filter Include="include_common">
      <UniqueIdentifier>{44a2e68a-47fb-48b7-9222-9ddf93bba8bc}</UniqueIdentifier>
    </Filter>
  </ItemGroup>
  <ItemGroup>
    <ClCompile Include="src\Morphology.cpp">
      <Filter>src</Filter>
    </ClCompile>
    <ClCompile Include="src\MorphologyInAe.cpp">
      <Filter>src</Filter>
    </ClCompile>
    <ClCompile Include="src\MorphologyInPr.cpp">
      <Filter>src</Filter>
    </ClCompile>
    <ClCompile Include="src\SE_Interface.cpp">
      <Filter>src</Filter>
    </ClCompile>
    <ClCompile Include="src\SequenceData.cpp">
      <Filter>src</Filter>
    </ClCompile>
    <ClCompile Include="src\MorphologyErode.cpp">
      <Filter>src</Filter>
    </ClCompile>
  </ItemGroup>
  <ItemGroup>
    <ClInclude Include="include\Morphology.hpp">
      <Filter>include</Filter>
    </ClInclude>
    <ClInclude Include="include\MorphologyEnums.hpp">
      <Filter>include</Filter>
    </ClInclude>
    <ClInclude Include="include\MorphologyStrings.hpp">
      <Filter>include</Filter>
    </ClInclude>
    <ClInclude Include="include\SE_Square_3x3.hpp">
      <Filter>include</Filter>
    </ClInclude>
    <ClInclude Include="include\SE_Square_5x5.hpp">
      <Filter>include</Filter>
    </ClInclude>
    <ClInclude Include="include\SE_Square_7x7.hpp">
      <Filter>include</Filter>
    </ClInclude>
    <ClInclude Include="include\SE_Square_9x9.hpp">
      <Filter>include</Filter>
    </ClInclude>
    <ClInclude Include="include\SE_Interface.hpp">
      <Filter>include</Filter>
    </ClInclude>
    <ClInclude Include="include\SE_Vertical_3x3.hpp">
      <Filter>include</Filter>
    </ClInclude>
    <ClInclude Include="include\SE_Vertical_5x5.hpp">
      <Filter>include</Filter>
    </ClInclude>
    <ClInclude Include="include\SE_Vertical_7x7.hpp">
      <Filter>include</Filter>
    </ClInclude>
    <ClInclude Include="include\SE_Vertical_9x9.hpp">
      <Filter>include</Filter>
    </ClInclude>
    <ClInclude Include="include\SequenceData.hpp">
      <Filter>include</Filter>
    </ClInclude>
    <ClInclude Include="include\MorphologyProc.hpp">
      <Filter>include</Filter>
    </ClInclude>
    <ClInclude Include="include\MorphologyProcCpu.hpp">
      <Filter>include</Filter>
    </ClInclude>
    <ClInclude Include="..\Common\ClassRestrictions.hpp">
      <Filter>include_common</Filter>
    </ClInclude>
    <ClInclude Include="..\Common\ColorTransformMatrix.hpp">
      <Filter>include_common</Filter>
    </ClInclude>
    <ClInclude Include="..\Common\Common.hpp">
      <Filter>include_common</Filter>
    </ClInclude>
    <ClInclude Include="..\Common\CommonAdobeAE.hpp">
      <Filter>include_common</Filter>
    </ClInclude>
    <ClInclude Include="..\Common\CommonDebugUtils.hpp">
      <Filter>include_common</Filter>
    </ClInclude>
    <ClInclude Include="..\Common\CommonPixFormat.hpp">
      <Filter>include_common</Filter>
    </ClInclude>
    <ClInclude Include="..\Common\CommonPixFormatSFINAE.hpp">
      <Filter>include_common</Filter>
    </ClInclude>
    <ClInclude Include="..\Common\CompileTimeUtils.hpp">
      <Filter>include_common</Filter>
    </ClInclude>
    <ClInclude Include="..\Common\FastAriphmetics.hpp">
      <Filter>include_common</Filter>
    </ClInclude>
    <ClInclude Include="..\Common\ImageLabCUDA.hpp">
      <Filter>include_common</Filter>
    </ClInclude>
    <ClInclude Include="..\Common\Param_Utils.h">
      <Filter>include_common</Filter>
    </ClInclude>
    <ClInclude Include="..\Common\ColorTransform.hpp">
      <Filter>include_common</Filter>
    </ClInclude>
    <ClInclude Include="..\Common\CommonBitsOperations.hpp">
      <Filter>include_common</Filter>
    </ClInclude>
    <ClInclude Include="..\Common\CommonTypeTraits.hpp">
      <Filter>include_common</Filter>
    </ClInclude>
    <ClInclude Include="..\Common\LibExport.hpp">
      <Filter>include_common</Filter>
    </ClInclude>
    <ClInclude Include="include\SE_Horizontal_3x3.hpp">
      <Filter>include</Filter>
    </ClInclude>
    <ClInclude Include="include\SE_Horizontal_5x5.hpp">
      <Filter>include</Filter>
    </ClInclude>
    <ClInclude Include="include\SE_Horizontal_7x7.hpp">
      <Filter>include</Filter>
    </ClInclude>
    <ClInclude Include="include\SE_Horizontal_9x9.hpp">
      <Filter>include</Filter>
    </ClInclude>
    <ClInclude Include="include\SE_Cross_3x3.hpp">
      <Filter>include</Filter>
    </ClInclude>
    <ClInclude Include="include\SE_Cross_5x5.hpp">
      <Filter>include</Filter>
    </ClInclude>
    <ClInclude Include="include\SE_Cross_7x7.hpp">
      <Filter>include</Filter>
    </ClInclude>
    <ClInclude Include="include\SE_Cross_9x9.hpp">
      <Filter>include</Filter>
    </ClInclude>
    <ClInclude Include="include\SE_Frame_3x3.hpp">
      <Filter>include</Filter>
    </ClInclude>
    <ClInclude Include="include\SE_Frame_5x5.hpp">
      <Filter>include</Filter>
    </ClInclude>
    <ClInclude Include="include\SE_Frame_7x7.hpp">
      <Filter>include</Filter>
    </ClInclude>
    <ClInclude Include="include\SE_Frame_9x9.hpp">
      <Filter>include</Filter>
    </ClInclude>
    <ClInclude Include="include\SE_Ring_3x3.hpp">
      <Filter>include</Filter>
    </ClInclude>
    <ClInclude Include="include\SE_Ring_5x5.hpp">
      <Filter>include</Filter>
    </ClInclude>
    <ClInclude Include="include\SE_Ring_7x7.hpp">
      <Filter>include</Filter>
    </ClInclude>
    <ClInclude Include="include\SE_Ring_9x9.hpp">
      <Filter>include</Filter>
    </ClInclude>
    <ClInclude Include="include\SE_Disk_3x3.hpp">
      <Filter>include</Filter>
    </ClInclude>
    <ClInclude Include="include\SE_Disk_5x5.hpp">
      <Filter>include</Filter>
    </ClInclude>
    <ClInclude Include="include\SE_Disk_7x7.hpp">
      <Filter>include</Filter>
    </ClInclude>
    <ClInclude Include="include\SE_Disk_9x9.hpp">
      <Filter>include</Filter>
    </ClInclude>
    <ClInclude Include="include\SE_Dymond_3x3.hpp">
      <Filter>include</Filter>
    </ClInclude>
    <ClInclude Include="include\SE_Dymond_5x5.hpp">
      <Filter>include</Filter>
    </ClInclude>
    <ClInclude Include="include\SE_Dymond_7x7.hpp">
      <Filter>include</Filter>
    </ClInclude>
    <ClInclude Include="include\SE_Dymond_9x9.hpp">
      <Filter>include</Filter>
    </ClInclude>
    <ClInclude Include="..\Common\CommonAuxPixFormat.hpp">
      <Filter>include_common</Filter>
    </ClInclude>
  </ItemGroup>
  <ItemGroup>
    <ResourceCompile Include="Morphology.rc">
      <Filter>resource</Filter>
    </ResourceCompile>
  </ItemGroup>
  <ItemGroup>
    <CustomBuild Include="Morphology.r">
      <Filter>resource</Filter>
    </CustomBuild>
  </ItemGroup>
</Project>