<?xml version="1.0" encoding="utf-8"?>
<Project ToolsVersion="4.0" xmlns="http://schemas.microsoft.com/developer/msbuild/2003">
  <ItemGroup>
    <Filter Include="src">
      <UniqueIdentifier>{4FC737F1-C7A5-4376-A066-2A32D752A2FF}</UniqueIdentifier>
      <Extensions>cpp;c;cc;cxx;def;odl;idl;hpj;bat;asm;asmx</Extensions>
    </Filter>
    <Filter Include="include">
      <UniqueIdentifier>{93995380-89BD-4b04-88EB-625FBE52EBFB}</UniqueIdentifier>
      <Extensions>h;hh;hpp;hxx;hm;inl;inc;xsd</Extensions>
    </Filter>
    <Filter Include="resource">
      <UniqueIdentifier>{67DA6AB6-F800-4c08-8B7A-83BB121AAD01}</UniqueIdentifier>
      <Extensions>rc;ico;cur;bmp;dlg;rc2;rct;bin;rgs;gif;jpg;jpeg;jpe;resx;tiff;tif;png;wav;mfcribbon-ms</Extensions>
    </Filter>
  </ItemGroup>
  <ItemGroup>
    <ClCompile Include="src\ImageLabColorCorrectionHSL.cpp">
      <Filter>src</Filter>
    </ClCompile>
    <ClCompile Include="src\ImageLabPixelFormat.cpp">
      <Filter>src</Filter>
    </ClCompile>
    <ClCompile Include="src\DllMain.cpp">
      <Filter>src</Filter>
    </ClCompile>
    <ClCompile Include="src\ImageLabHSL2RGB.cpp">
      <Filter>src</Filter>
    </ClCompile>
    <ClCompile Include="src\ImageLabRGB2HSL.cpp">
      <Filter>src</Filter>
    </ClCompile>
    <ClCompile Include="src\ImageLabHSL2YUV.cpp">
      <Filter>src</Filter>
    </ClCompile>
    <ClCompile Include="src\ImageLabYUV2HSL.cpp">
      <Filter>src</Filter>
    </ClCompile>
  </ItemGroup>
  <ItemGroup>
    <ClInclude Include="include\ImageLabColorCorrectionHSL.h">
      <Filter>include</Filter>
    </ClInclude>
  </ItemGroup>
  <ItemGroup>
    <ResourceCompile Include="ColorCorrectionHSL.rc">
      <Filter>resource</Filter>
    </ResourceCompile>
  </ItemGroup>
  <ItemGroup>
    <CustomBuild Include="ColorCorrectionHSL.r">
      <Filter>resource</Filter>
    </CustomBuild>
  </ItemGroup>
</Project>