<?xml version="1.0" encoding="utf-8"?>
<Project ToolsVersion="4.0" xmlns="http://schemas.microsoft.com/developer/msbuild/2003">
  <ItemGroup>
    <Filter Include="src">
      <UniqueIdentifier>{4FC737F1-C7A5-4376-A066-2A32D752A2FF}</UniqueIdentifier>
      <Extensions>cpp;c;cc;cxx;def;odl;idl;hpj;bat;asm;asmx</Extensions>
    </Filter>
    <Filter Include="resource">
      <UniqueIdentifier>{67DA6AB6-F800-4c08-8B7A-83BB121AAD01}</UniqueIdentifier>
      <Extensions>rc;ico;cur;bmp;dlg;rc2;rct;bin;rgs;gif;jpg;jpeg;jpe;resx;tiff;tif;png;wav;mfcribbon-ms</Extensions>
    </Filter>
    <Filter Include="include">
      <UniqueIdentifier>{93995380-89BD-4b04-88EB-625FBE52EBFB}</UniqueIdentifier>
      <Extensions>h;hh;hpp;hxx;hm;inl;inc;xsd</Extensions>
    </Filter>
    <Filter Include="include_common">
      <UniqueIdentifier>{3c81d83e-af71-4802-a6c5-9d9653efde6a}</UniqueIdentifier>
    </Filter>
    <Filter Include="include\PainterPalette">
      <UniqueIdentifier>{f74369d6-60dc-4725-a8b9-4539156d3546}</UniqueIdentifier>
    </Filter>
  </ItemGroup>
  <ItemGroup>
    <ClInclude Include="..\Common\ClassRestrictions.hpp">
      <Filter>include_common</Filter>
    </ClInclude>
    <ClInclude Include="..\Common\ColorTransform.hpp">
      <Filter>include_common</Filter>
    </ClInclude>
    <ClInclude Include="..\Common\ColorTransformMatrix.hpp">
      <Filter>include_common</Filter>
    </ClInclude>
    <ClInclude Include="..\Common\Common.hpp">
      <Filter>include_common</Filter>
    </ClInclude>
    <ClInclude Include="..\Common\CommonAdobeAE.hpp">
      <Filter>include_common</Filter>
    </ClInclude>
    <ClInclude Include="..\Common\CommonAuxPixFormat.hpp">
      <Filter>include_common</Filter>
    </ClInclude>
    <ClInclude Include="..\Common\CommonBitsOperations.hpp">
      <Filter>include_common</Filter>
    </ClInclude>
    <ClInclude Include="..\Common\CommonColorTemperature.hpp">
      <Filter>include_common</Filter>
    </ClInclude>
    <ClInclude Include="..\Common\CommonDebugUtils.hpp">
      <Filter>include_common</Filter>
    </ClInclude>
    <ClInclude Include="..\Common\CommonPixFormat.hpp">
      <Filter>include_common</Filter>
    </ClInclude>
    <ClInclude Include="..\Common\CommonPixFormatSFINAE.hpp">
      <Filter>include_common</Filter>
    </ClInclude>
    <ClInclude Include="..\Common\CommonSmartRender.hpp">
      <Filter>include_common</Filter>
    </ClInclude>
    <ClInclude Include="..\Common\CommonTypeTraits.hpp">
      <Filter>include_common</Filter>
    </ClInclude>
    <ClInclude Include="..\Common\CompileTimeUtils.hpp">
      <Filter>include_common</Filter>
    </ClInclude>
    <ClInclude Include="..\Common\FastAriphmetics.hpp">
      <Filter>include_common</Filter>
    </ClInclude>
    <ClInclude Include="..\Common\ImageLabCUDA.hpp">
      <Filter>include_common</Filter>
    </ClInclude>
    <ClInclude Include="..\Common\LibExport.hpp">
      <Filter>include_common</Filter>
    </ClInclude>
    <ClInclude Include="..\Common\Param_Utils.h">
      <Filter>include_common</Filter>
    </ClInclude>
    <ClInclude Include="include\ImageLabMemInterface.hpp">
      <Filter>include</Filter>
    </ClInclude>
    <ClInclude Include="include\ArtPointillism.hpp">
      <Filter>include</Filter>
    </ClInclude>
    <ClInclude Include="include\ArtPointillismAlgo.hpp">
      <Filter>include</Filter>
    </ClInclude>
    <ClInclude Include="include\ArtPointillismColorConvert.hpp">
      <Filter>include</Filter>
    </ClInclude>
    <ClInclude Include="include\ArtPointillismPainters.hpp">
      <Filter>include</Filter>
    </ClInclude>
    <ClInclude Include="include\ArtPointillismEnums.hpp">
      <Filter>include</Filter>
    </ClInclude>
    <ClInclude Include="include\ArtPointillismControl.hpp">
      <Filter>include</Filter>
    </ClInclude>
    <ClInclude Include="..\Common\FastAriphmeticsAVX.hpp">
      <Filter>include_common</Filter>
    </ClInclude>
    <ClInclude Include="..\Common\AlignedAllocator.hpp">
      <Filter>include_common</Filter>
    </ClInclude>
    <ClInclude Include="include\AlgoArtisticsRendering.hpp">
      <Filter>include</Filter>
    </ClInclude>
    <ClInclude Include="include\AlgoDot2D.hpp">
      <Filter>include</Filter>
    </ClInclude>
    <ClInclude Include="include\AlgoDotEngine.hpp">
      <Filter>include</Filter>
    </ClInclude>
    <ClInclude Include="include\AlgoJFA.hpp">
      <Filter>include</Filter>
    </ClInclude>
    <ClInclude Include="include\AlgoLumaManipulation.hpp">
      <Filter>include</Filter>
    </ClInclude>
    <ClInclude Include="include\IPainter.hpp">
      <Filter>include</Filter>
    </ClInclude>
    <ClInclude Include="include\PainterPalette\ArtPointillismCross.hpp">
      <Filter>include\PainterPalette</Filter>
    </ClInclude>
    <ClInclude Include="include\PainterPalette\ArtPointillismLuce.hpp">
      <Filter>include\PainterPalette</Filter>
    </ClInclude>
    <ClInclude Include="include\PainterPalette\ArtPointillismMatisse.hpp">
      <Filter>include\PainterPalette</Filter>
    </ClInclude>
    <ClInclude Include="include\PainterPalette\ArtPointillismPalette.hpp">
      <Filter>include\PainterPalette</Filter>
    </ClInclude>
    <ClInclude Include="include\PainterPalette\ArtPointillismPissaro.hpp">
      <Filter>include\PainterPalette</Filter>
    </ClInclude>
    <ClInclude Include="include\PainterPalette\ArtPointillismRysselberghe.hpp">
      <Filter>include\PainterPalette</Filter>
    </ClInclude>
    <ClInclude Include="include\PainterPalette\ArtPointillismSeurat.hpp">
      <Filter>include\PainterPalette</Filter>
    </ClInclude>
    <ClInclude Include="include\PainterPalette\ArtPointillismSignac.hpp">
      <Filter>include\PainterPalette</Filter>
    </ClInclude>
    <ClInclude Include="include\PainterPalette\ArtPointillismVanGogh.hpp">
      <Filter>include\PainterPalette</Filter>
    </ClInclude>
    <ClInclude Include="include\PainterBase.hpp">
      <Filter>include</Filter>
    </ClInclude>
    <ClInclude Include="include\PainterSeurat.hpp">
      <Filter>include</Filter>
    </ClInclude>
  </ItemGroup>
  <ItemGroup>
    <ClCompile Include="src\ImageLabMemInterface.cpp">
      <Filter>src</Filter>
    </ClCompile>
    <ClCompile Include="src\ArtPointillism.cpp">
      <Filter>src</Filter>
    </ClCompile>
    <ClCompile Include="src\ArtPointillismAE.cpp">
      <Filter>src</Filter>
    </ClCompile>
    <ClCompile Include="src\ArtPointillismAlgo.cpp">
      <Filter>src</Filter>
    </ClCompile>
    <ClCompile Include="src\ArtPointillismGUI.cpp">
      <Filter>src</Filter>
    </ClCompile>
    <ClCompile Include="src\ArtPointillismPR.cpp">
      <Filter>src</Filter>
    </ClCompile>
    <ClCompile Include="src\ArtPointillismSR.cpp">
      <Filter>src</Filter>
    </ClCompile>
    <ClCompile Include="src\ArtPointillismControlPanel.cpp">
      <Filter>src</Filter>
    </ClCompile>
    <ClCompile Include="src\Avx2RGB32fToCIELab.cpp">
      <Filter>src</Filter>
    </ClCompile>
    <ClCompile Include="src\Avx2RGB8uToCIELab.cpp">
      <Filter>src</Filter>
    </ClCompile>
    <ClCompile Include="src\Avx2CIELabToRGB8u.cpp">
      <Filter>src</Filter>
    </ClCompile>
    <ClCompile Include="src\Avx2CIELabPlanarToInterleaved.cpp">
      <Filter>src</Filter>
    </ClCompile>
    <ClCompile Include="src\Avx2RGB8uToCIELabPlanar.cpp">
      <Filter>src</Filter>
    </ClCompile>
    <ClCompile Include="src\Avx2RGB32fToCIELabPlanar.cpp">
      <Filter>src</Filter>
    </ClCompile>
    <ClCompile Include="src\AlgoArtisticsRendering.cpp">
      <Filter>src</Filter>
    </ClCompile>
    <ClCompile Include="src\AlgoDotEngine.cpp">
      <Filter>src</Filter>
    </ClCompile>
    <ClCompile Include="src\AlgoJFA.cpp">
      <Filter>src</Filter>
    </ClCompile>
    <ClCompile Include="src\AlgoLumaManipulation.cpp">
      <Filter>src</Filter>
    </ClCompile>
    <ClCompile Include="src\PainterEngine.cpp">
      <Filter>src</Filter>
    </ClCompile>
  </ItemGroup>
  <ItemGroup>
    <CustomBuild Include="ArtPointillism.r">
      <Filter>resource</Filter>
    </CustomBuild>
  </ItemGroup>
  <ItemGroup>
    <ResourceCompile Include="ArtPointillism.rc">
      <Filter>resource</Filter>
    </ResourceCompile>
  </ItemGroup>
</Project>