<?xml version="1.0" encoding="utf-8"?>
<Project ToolsVersion="4.0" xmlns="http://schemas.microsoft.com/developer/msbuild/2003">
  <ItemGroup>
    <Filter Include="include">
      <UniqueIdentifier>{93995380-89BD-4b04-88EB-625FBE52EBFB}</UniqueIdentifier>
      <Extensions>h;hh;hpp;hxx;hm;inl;inc;xsd</Extensions>
    </Filter>
    <Filter Include="resource">
      <UniqueIdentifier>{67DA6AB6-F800-4c08-8B7A-83BB121AAD01}</UniqueIdentifier>
      <Extensions>rc;ico;cur;bmp;dlg;rc2;rct;bin;rgs;gif;jpg;jpeg;jpe;resx;tiff;tif;png;wav;mfcribbon-ms</Extensions>
    </Filter>
    <Filter Include="src">
      <UniqueIdentifier>{4FC737F1-C7A5-4376-A066-2A32D752A2FF}</UniqueIdentifier>
      <Extensions>cpp;c;cc;cxx;def;odl;idl;hpj;bat;asm;asmx</Extensions>
    </Filter>
    <Filter Include="include_common">
      <UniqueIdentifier>{76be7599-14f1-4fc0-8e99-fd47b18e7042}</UniqueIdentifier>
    </Filter>
    <Filter Include="tensor_deploy">
      <UniqueIdentifier>{43fc80ef-2704-4dd8-af85-fa0081247942}</UniqueIdentifier>
    </Filter>
    <Filter Include="tensor_deploy\cu102">
      <UniqueIdentifier>{ca2df2f8-af4b-4432-97da-774f60d39a1e}</UniqueIdentifier>
    </Filter>
    <Filter Include="tensor_deploy\cu131">
      <UniqueIdentifier>{b03184a7-23e8-4ad8-a408-9d9612d9afa3}</UniqueIdentifier>
    </Filter>
    <Filter Include="tensor_deploy\onnx">
      <UniqueIdentifier>{21be17e1-d985-43a7-ba17-589d12cb0fa6}</UniqueIdentifier>
    </Filter>
  </ItemGroup>
  <ItemGroup>
    <ClInclude Include="..\Common\AefxDevPatch.hpp">
      <Filter>include_common</Filter>
    </ClInclude>
    <ClInclude Include="..\Common\AlignedAllocator.hpp">
      <Filter>include_common</Filter>
    </ClInclude>
    <ClInclude Include="..\Common\ClassRestrictions.hpp">
      <Filter>include_common</Filter>
    </ClInclude>
    <ClInclude Include="..\Common\ColorTransform.hpp">
      <Filter>include_common</Filter>
    </ClInclude>
    <ClInclude Include="..\Common\ColorTransformMatrix.hpp">
      <Filter>include_common</Filter>
    </ClInclude>
    <ClInclude Include="..\Common\Common.hpp">
      <Filter>include_common</Filter>
    </ClInclude>
    <ClInclude Include="..\Common\CommonAdobeAE.hpp">
      <Filter>include_common</Filter>
    </ClInclude>
    <ClInclude Include="..\Common\CommonAuxPixFormat.hpp">
      <Filter>include_common</Filter>
    </ClInclude>
    <ClInclude Include="..\Common\CommonBitsOperations.hpp">
      <Filter>include_common</Filter>
    </ClInclude>
    <ClInclude Include="..\Common\CommonColorTemperature.hpp">
      <Filter>include_common</Filter>
    </ClInclude>
    <ClInclude Include="..\Common\CommonDebugUtils.hpp">
      <Filter>include_common</Filter>
    </ClInclude>
    <ClInclude Include="..\Common\CommonPixFormat.hpp">
      <Filter>include_common</Filter>
    </ClInclude>
    <ClInclude Include="..\Common\CommonPixFormatSFINAE.hpp">
      <Filter>include_common</Filter>
    </ClInclude>
    <ClInclude Include="..\Common\CommonSmartRender.hpp">
      <Filter>include_common</Filter>
    </ClInclude>
    <ClInclude Include="..\Common\CommonTypeTraits.hpp">
      <Filter>include_common</Filter>
    </ClInclude>
    <ClInclude Include="..\Common\CompileTimeUtils.hpp">
      <Filter>include_common</Filter>
    </ClInclude>
    <ClInclude Include="..\Common\FastAriphmetics.hpp">
      <Filter>include_common</Filter>
    </ClInclude>
    <ClInclude Include="..\Common\FastAriphmeticsAVX.hpp">
      <Filter>include_common</Filter>
    </ClInclude>
    <ClInclude Include="..\Common\ImageLabCUDA.hpp">
      <Filter>include_common</Filter>
    </ClInclude>
    <ClInclude Include="..\Common\LibExport.hpp">
      <Filter>include_common</Filter>
    </ClInclude>
    <ClInclude Include="..\Common\Param_Utils.h">
      <Filter>include_common</Filter>
    </ClInclude>
    <ClInclude Include="include\AI_Denoise.hpp">
      <Filter>include</Filter>
    </ClInclude>
    <ClInclude Include="include\AI_DenoiseEnum.hpp">
      <Filter>include</Filter>
    </ClInclude>
  </ItemGroup>
  <ItemGroup>
    <ClCompile Include="src\AI_ImageLabDenoise.cpp">
      <Filter>src</Filter>
    </ClCompile>
    <ClCompile Include="src\AI_ImageLabDenoiseAE.cpp">
      <Filter>src</Filter>
    </ClCompile>
    <ClCompile Include="src\AI_ImageLabDenoisePR.cpp">
      <Filter>src</Filter>
    </ClCompile>
    <ClCompile Include="src\AI_ImageLabDenoiseSR.cpp">
      <Filter>src</Filter>
    </ClCompile>
  </ItemGroup>
  <ItemGroup>
    <ResourceCompile Include="AI_ImageLabDenoise.rc">
      <Filter>resource</Filter>
    </ResourceCompile>
  </ItemGroup>
  <ItemGroup>
    <CustomBuild Include="AI_ImageLabDenoise.r">
      <Filter>resource</Filter>
    </CustomBuild>
  </ItemGroup>
  <ItemGroup>
    <None Include="tensor_deploy\cu102\nvidia_102_deploy.z01">
      <Filter>tensor_deploy\cu102</Filter>
    </None>
    <None Include="tensor_deploy\cu102\nvidia_102_deploy.z02">
      <Filter>tensor_deploy\cu102</Filter>
    </None>
    <None Include="tensor_deploy\cu102\nvidia_102_deploy.zip">
      <Filter>tensor_deploy\cu102</Filter>
    </None>
    <None Include="tensor_deploy\onnx\unet_noise_clinic_dynamic.onnx">
      <Filter>tensor_deploy\onnx</Filter>
    </None>
    <None Include="tensor_deploy\onnx\unet_noise_clinic_dynamic.onnx.data">
      <Filter>tensor_deploy\onnx</Filter>
    </None>
  </ItemGroup>
  <ItemGroup>
    <Text Include="tensor_deploy\cu102\Readme!.txt">
      <Filter>tensor_deploy\cu102</Filter>
    </Text>
  </ItemGroup>
</Project>